
Microsoft Visual Studio Solution File, Format Version 12.00
# Visual Studio Version 16
VisualStudioVersion = 16.0.808.2
MinimumVisualStudioVersion = 10.0.40219.1
Project("{FAE04EC0-301F-11D3-BF4B-00C04F79EFBC}") = "PublishIndependdent", "PublishIndependdent\PublishIndependdent.csproj", "{B621BBA5-3E17-48DD-8B44-0B418805955E}"
EndProject
Global
	GlobalSection(SolutionConfigurationPlatforms) = preSolution
		Debug|Any CPU = Debug|Any CPU
		Release|Any CPU = Release|Any CPU
	EndGlobalSection
	GlobalSection(ProjectConfigurationPlatforms) = postSolution
		{B621BBA5-3E17-48DD-8B44-0B418805955E}.Debug|Any CPU.ActiveCfg = Debug|Any CPU
		{B621BBA5-3E17-48DD-8B44-0B418805955E}.Debug|Any CPU.Build.0 = Debug|Any CPU
		{B621BBA5-3E17-48DD-8B44-0B418805955E}.Release|Any CPU.ActiveCfg = Release|Any CPU
		{B621BBA5-3E17-48DD-8B44-0B418805955E}.Release|Any CPU.Build.0 = Release|Any CPU
	EndGlobalSection
	GlobalSection(SolutionProperties) = preSolution
		HideSolutionNode = FALSE
	EndGlobalSection
	GlobalSection(ExtensibilityGlobals) = postSolution
		SolutionGuid = {0249983D-01B8-488F-9146-B5231CA16587}
	EndGlobalSection
EndGlobal
