
Microsoft Visual Studio Solution File, Format Version 12.00
# Visual Studio Version 16
VisualStudioVersion = 16.0.30711.63
MinimumVisualStudioVersion = 10.0.40219.1
Project("{FAE04EC0-301F-11D3-BF4B-00C04F79EFBC}") = "CalculationLibrary", "CalculationLibrary.csproj", "{ADFD4971-CE27-44BE-B700-90F55A476619}"
EndProject
Global
	GlobalSection(SolutionConfigurationPlatforms) = preSolution
		Debug|Any CPU = Debug|Any CPU
		Release|Any CPU = Release|Any CPU
	EndGlobalSection
	GlobalSection(ProjectConfigurationPlatforms) = postSolution
		{ADFD4971-CE27-44BE-B700-90F55A476619}.Debug|Any CPU.ActiveCfg = Debug|Any CPU
		{ADFD4971-CE27-44BE-B700-90F55A476619}.Debug|Any CPU.Build.0 = Debug|Any CPU
		{ADFD4971-CE27-44BE-B700-90F55A476619}.Release|Any CPU.ActiveCfg = Release|Any CPU
		{ADFD4971-CE27-44BE-B700-90F55A476619}.Release|Any CPU.Build.0 = Release|Any CPU
	EndGlobalSection
	GlobalSection(SolutionProperties) = preSolution
		HideSolutionNode = FALSE
	EndGlobalSection
	GlobalSection(ExtensibilityGlobals) = postSolution
		SolutionGuid = {3F90F2C6-189C-40F1-983E-E702A133570F}
	EndGlobalSection
EndGlobal
