
Microsoft Visual Studio Solution File, Format Version 12.00
# Visual Studio Version 16
VisualStudioVersion = 16.0.30717.126
MinimumVisualStudioVersion = 10.0.40219.1
Project("{FAE04EC0-301F-11D3-BF4B-00C04F79EFBC}") = "HelloWorldVS", "HelloWorldVS\HelloWorldVS.csproj", "{5F73FAA5-6BFF-4B99-9E35-D9A7C1B2483D}"
EndProject
Global
	GlobalSection(SolutionConfigurationPlatforms) = preSolution
		Debug|Any CPU = Debug|Any CPU
		Release|Any CPU = Release|Any CPU
	EndGlobalSection
	GlobalSection(ProjectConfigurationPlatforms) = postSolution
		{5F73FAA5-6BFF-4B99-9E35-D9A7C1B2483D}.Debug|Any CPU.ActiveCfg = Debug|Any CPU
		{5F73FAA5-6BFF-4B99-9E35-D9A7C1B2483D}.Debug|Any CPU.Build.0 = Debug|Any CPU
		{5F73FAA5-6BFF-4B99-9E35-D9A7C1B2483D}.Release|Any CPU.ActiveCfg = Release|Any CPU
		{5F73FAA5-6BFF-4B99-9E35-D9A7C1B2483D}.Release|Any CPU.Build.0 = Release|Any CPU
	EndGlobalSection
	GlobalSection(SolutionProperties) = preSolution
		HideSolutionNode = FALSE
	EndGlobalSection
	GlobalSection(ExtensibilityGlobals) = postSolution
		SolutionGuid = {AB57BF65-57C8-4306-949D-86305B563C86}
	EndGlobalSection
EndGlobal
