
Microsoft Visual Studio Solution File, Format Version 12.00
# Visual Studio Version 16
VisualStudioVersion = 16.0.30804.86
MinimumVisualStudioVersion = 10.0.40219.1
Project("{FAE04EC0-301F-11D3-BF4B-00C04F79EFBC}") = "ReadingConfiguration", "ReadingConfiguration\ReadingConfiguration.csproj", "{224A3431-8581-4DC3-8FDE-5A5F9D89C526}"
EndProject
Global
	GlobalSection(SolutionConfigurationPlatforms) = preSolution
		Debug|Any CPU = Debug|Any CPU
		Release|Any CPU = Release|Any CPU
	EndGlobalSection
	GlobalSection(ProjectConfigurationPlatforms) = postSolution
		{224A3431-8581-4DC3-8FDE-5A5F9D89C526}.Debug|Any CPU.ActiveCfg = Debug|Any CPU
		{224A3431-8581-4DC3-8FDE-5A5F9D89C526}.Debug|Any CPU.Build.0 = Debug|Any CPU
		{224A3431-8581-4DC3-8FDE-5A5F9D89C526}.Release|Any CPU.ActiveCfg = Release|Any CPU
		{224A3431-8581-4DC3-8FDE-5A5F9D89C526}.Release|Any CPU.Build.0 = Release|Any CPU
	EndGlobalSection
	GlobalSection(SolutionProperties) = preSolution
		HideSolutionNode = FALSE
	EndGlobalSection
	GlobalSection(ExtensibilityGlobals) = postSolution
		SolutionGuid = {79F91926-DFF6-47D0-A3CB-706EEC1F12A2}
	EndGlobalSection
EndGlobal
