
Microsoft Visual Studio Solution File, Format Version 12.00
# Visual Studio Version 16
VisualStudioVersion = 16.0.30711.63
MinimumVisualStudioVersion = 10.0.40219.1
Project("{FAE04EC0-301F-11D3-BF4B-00C04F79EFBC}") = "Unittesttry", "Unittesttry.csproj", "{3CD10349-AD84-4516-834E-EF7988747AD4}"
EndProject
Project("{FAE04EC0-301F-11D3-BF4B-00C04F79EFBC}") = "UnitTesthelloworld", "..\UnitTesthelloworld\UnitTesthelloworld.csproj", "{3874C3F2-32FC-4FB1-8C61-4CC952BF0187}"
EndProject
Global
	GlobalSection(SolutionConfigurationPlatforms) = preSolution
		Debug|Any CPU = Debug|Any CPU
		Release|Any CPU = Release|Any CPU
	EndGlobalSection
	GlobalSection(ProjectConfigurationPlatforms) = postSolution
		{3CD10349-AD84-4516-834E-EF7988747AD4}.Debug|Any CPU.ActiveCfg = Debug|Any CPU
		{3CD10349-AD84-4516-834E-EF7988747AD4}.Debug|Any CPU.Build.0 = Debug|Any CPU
		{3CD10349-AD84-4516-834E-EF7988747AD4}.Release|Any CPU.ActiveCfg = Release|Any CPU
		{3CD10349-AD84-4516-834E-EF7988747AD4}.Release|Any CPU.Build.0 = Release|Any CPU
		{3874C3F2-32FC-4FB1-8C61-4CC952BF0187}.Debug|Any CPU.ActiveCfg = Debug|Any CPU
		{3874C3F2-32FC-4FB1-8C61-4CC952BF0187}.Debug|Any CPU.Build.0 = Debug|Any CPU
		{3874C3F2-32FC-4FB1-8C61-4CC952BF0187}.Release|Any CPU.ActiveCfg = Release|Any CPU
		{3874C3F2-32FC-4FB1-8C61-4CC952BF0187}.Release|Any CPU.Build.0 = Release|Any CPU
	EndGlobalSection
	GlobalSection(SolutionProperties) = preSolution
		HideSolutionNode = FALSE
	EndGlobalSection
	GlobalSection(ExtensibilityGlobals) = postSolution
		SolutionGuid = {17E94889-03D3-48AD-82B1-A67DA6DDA962}
	EndGlobalSection
EndGlobal
