
Microsoft Visual Studio Solution File, Format Version 12.00
# Visual Studio Version 16
VisualStudioVersion = 16.0.30711.63
MinimumVisualStudioVersion = 10.0.40219.1
Project("{9A19103F-16F7-4668-BE54-9A1E7A4F7556}") = "SapatialPolerSimilarityExperiment", "SapatialPolerSimilarityExperiment\SapatialPolerSimilarityExperiment.csproj", "{52835C0F-4989-4500-86B6-4154675B1C2B}"
EndProject
Project("{2150E333-8FDC-42A3-9474-1A3956D46DE8}") = "Documentation", "Documentation", "{7A2634EF-8C95-4A1A-9E2C-D93F3A9640E1}"
	ProjectSection(SolutionItems) = preProject
		Documentation\Report Template A4 Masters course IT.docx = Documentation\Report Template A4 Masters course IT.docx
	EndProjectSection
EndProject
Global
	GlobalSection(SolutionConfigurationPlatforms) = preSolution
		Debug|Any CPU = Debug|Any CPU
		Release|Any CPU = Release|Any CPU
	EndGlobalSection
	GlobalSection(ProjectConfigurationPlatforms) = postSolution
		{52835C0F-4989-4500-86B6-4154675B1C2B}.Debug|Any CPU.ActiveCfg = Debug|Any CPU
		{52835C0F-4989-4500-86B6-4154675B1C2B}.Debug|Any CPU.Build.0 = Debug|Any CPU
		{52835C0F-4989-4500-86B6-4154675B1C2B}.Release|Any CPU.ActiveCfg = Release|Any CPU
		{52835C0F-4989-4500-86B6-4154675B1C2B}.Release|Any CPU.Build.0 = Release|Any CPU
	EndGlobalSection
	GlobalSection(SolutionProperties) = preSolution
		HideSolutionNode = FALSE
	EndGlobalSection
	GlobalSection(ExtensibilityGlobals) = postSolution
		SolutionGuid = {21C6ADEB-3F11-49E9-957F-1F44684712FD}
	EndGlobalSection
EndGlobal
