
Microsoft Visual Studio Solution File, Format Version 12.00
# Visual Studio Version 16
VisualStudioVersion = 16.0.30711.63
MinimumVisualStudioVersion = 10.0.40219.1
Project("{FAE04EC0-301F-11D3-BF4B-00C04F79EFBC}") = "Haritha Project - E0 - created by VS", "Haritha Project - E0\Haritha Project - E0 - created by VS.csproj", "{409CC1D5-D6E0-4044-833F-7B5654D25145}"
EndProject
Global
	GlobalSection(SolutionConfigurationPlatforms) = preSolution
		Debug|Any CPU = Debug|Any CPU
		Release|Any CPU = Release|Any CPU
	EndGlobalSection
	GlobalSection(ProjectConfigurationPlatforms) = postSolution
		{409CC1D5-D6E0-4044-833F-7B5654D25145}.Debug|Any CPU.ActiveCfg = Debug|Any CPU
		{409CC1D5-D6E0-4044-833F-7B5654D25145}.Debug|Any CPU.Build.0 = Debug|Any CPU
		{409CC1D5-D6E0-4044-833F-7B5654D25145}.Release|Any CPU.ActiveCfg = Release|Any CPU
		{409CC1D5-D6E0-4044-833F-7B5654D25145}.Release|Any CPU.Build.0 = Release|Any CPU
	EndGlobalSection
	GlobalSection(SolutionProperties) = preSolution
		HideSolutionNode = FALSE
	EndGlobalSection
	GlobalSection(ExtensibilityGlobals) = postSolution
		SolutionGuid = {14C5E8CD-4EF6-4CAD-A016-ACDFB9325A6E}
	EndGlobalSection
EndGlobal
