
Microsoft Visual Studio Solution File, Format Version 12.00
# Visual Studio Version 16
VisualStudioVersion = 16.0.30717.126
MinimumVisualStudioVersion = 10.0.40219.1
Project("{FAE04EC0-301F-11D3-BF4B-00C04F79EFBC}") = "HelloWorldWithVS", "HelloWorldWithVS\HelloWorldWithVS.csproj", "{0EDAB515-F27B-4916-8DB8-830193C89C83}"
EndProject
Global
	GlobalSection(SolutionConfigurationPlatforms) = preSolution
		Debug|Any CPU = Debug|Any CPU
		Release|Any CPU = Release|Any CPU
	EndGlobalSection
	GlobalSection(ProjectConfigurationPlatforms) = postSolution
		{0EDAB515-F27B-4916-8DB8-830193C89C83}.Debug|Any CPU.ActiveCfg = Debug|Any CPU
		{0EDAB515-F27B-4916-8DB8-830193C89C83}.Debug|Any CPU.Build.0 = Debug|Any CPU
		{0EDAB515-F27B-4916-8DB8-830193C89C83}.Release|Any CPU.ActiveCfg = Release|Any CPU
		{0EDAB515-F27B-4916-8DB8-830193C89C83}.Release|Any CPU.Build.0 = Release|Any CPU
	EndGlobalSection
	GlobalSection(SolutionProperties) = preSolution
		HideSolutionNode = FALSE
	EndGlobalSection
	GlobalSection(ExtensibilityGlobals) = postSolution
		SolutionGuid = {3F84BB81-4FCC-4868-B53B-8865817AA116}
	EndGlobalSection
EndGlobal
