
Microsoft Visual Studio Solution File, Format Version 12.00
# Visual Studio Version 16
VisualStudioVersion = 16.0.30711.63
MinimumVisualStudioVersion = 10.0.40219.1
Project("{FAE04EC0-301F-11D3-BF4B-00C04F79EFBC}") = "HelloWorldwithVS", "HelloWorldwithVS\HelloWorldwithVS.csproj", "{16FED3BD-FA89-4F11-8683-C537E63A6A34}"
EndProject
Global
	GlobalSection(SolutionConfigurationPlatforms) = preSolution
		Debug|Any CPU = Debug|Any CPU
		Release|Any CPU = Release|Any CPU
	EndGlobalSection
	GlobalSection(ProjectConfigurationPlatforms) = postSolution
		{16FED3BD-FA89-4F11-8683-C537E63A6A34}.Debug|Any CPU.ActiveCfg = Debug|Any CPU
		{16FED3BD-FA89-4F11-8683-C537E63A6A34}.Debug|Any CPU.Build.0 = Debug|Any CPU
		{16FED3BD-FA89-4F11-8683-C537E63A6A34}.Release|Any CPU.ActiveCfg = Release|Any CPU
		{16FED3BD-FA89-4F11-8683-C537E63A6A34}.Release|Any CPU.Build.0 = Release|Any CPU
	EndGlobalSection
	GlobalSection(SolutionProperties) = preSolution
		HideSolutionNode = FALSE
	EndGlobalSection
	GlobalSection(ExtensibilityGlobals) = postSolution
		SolutionGuid = {D42B671D-AE83-4D1E-A47F-EAD78629E705}
	EndGlobalSection
EndGlobal
