
Microsoft Visual Studio Solution File, Format Version 12.00
# Visual Studio Version 16
VisualStudioVersion = 16.0.29519.87
MinimumVisualStudioVersion = 10.0.40219.1
Project("{FAE04EC0-301F-11D3-BF4B-00C04F79EFBC}") = "HelloWorldWithVS", "HelloWorldWithVS.csproj", "{DA15BF9A-6153-470C-BC28-1144BBD02264}"
EndProject
Global
	GlobalSection(SolutionConfigurationPlatforms) = preSolution
		Debug|Any CPU = Debug|Any CPU
		Release|Any CPU = Release|Any CPU
	EndGlobalSection
	GlobalSection(ProjectConfigurationPlatforms) = postSolution
		{DA15BF9A-6153-470C-BC28-1144BBD02264}.Debug|Any CPU.ActiveCfg = Debug|Any CPU
		{DA15BF9A-6153-470C-BC28-1144BBD02264}.Debug|Any CPU.Build.0 = Debug|Any CPU
		{DA15BF9A-6153-470C-BC28-1144BBD02264}.Release|Any CPU.ActiveCfg = Release|Any CPU
		{DA15BF9A-6153-470C-BC28-1144BBD02264}.Release|Any CPU.Build.0 = Release|Any CPU
	EndGlobalSection
	GlobalSection(SolutionProperties) = preSolution
		HideSolutionNode = FALSE
	EndGlobalSection
	GlobalSection(ExtensibilityGlobals) = postSolution
		SolutionGuid = {AD8824D3-834F-4EB9-820A-B59D024F6551}
	EndGlobalSection
EndGlobal
