
Microsoft Visual Studio Solution File, Format Version 12.00
# Visual Studio Version 16
VisualStudioVersion = 16.0.30717.126
MinimumVisualStudioVersion = 10.0.40219.1
Project("{FAE04EC0-301F-11D3-BF4B-00C04F79EFBC}") = "HelloWorldWithVS", "HelloWorldWithVS.csproj", "{843F8BD4-036C-425C-BA90-ECCC60C8C37B}"
EndProject
Global
	GlobalSection(SolutionConfigurationPlatforms) = preSolution
		Debug|Any CPU = Debug|Any CPU
		Release|Any CPU = Release|Any CPU
	EndGlobalSection
	GlobalSection(ProjectConfigurationPlatforms) = postSolution
		{843F8BD4-036C-425C-BA90-ECCC60C8C37B}.Debug|Any CPU.ActiveCfg = Debug|Any CPU
		{843F8BD4-036C-425C-BA90-ECCC60C8C37B}.Debug|Any CPU.Build.0 = Debug|Any CPU
		{843F8BD4-036C-425C-BA90-ECCC60C8C37B}.Release|Any CPU.ActiveCfg = Release|Any CPU
		{843F8BD4-036C-425C-BA90-ECCC60C8C37B}.Release|Any CPU.Build.0 = Release|Any CPU
	EndGlobalSection
	GlobalSection(SolutionProperties) = preSolution
		HideSolutionNode = FALSE
	EndGlobalSection
	GlobalSection(ExtensibilityGlobals) = postSolution
		SolutionGuid = {D009F0B3-066D-48F7-9DF6-00F17617C735}
	EndGlobalSection
EndGlobal
