
Microsoft Visual Studio Solution File, Format Version 12.00
# Visual Studio Version 16
VisualStudioVersion = 16.0.30804.86
MinimumVisualStudioVersion = 10.0.40219.1
Project("{FAE04EC0-301F-11D3-BF4B-00C04F79EFBC}") = "HelloWorldWithVS", "HelloWorldWithVS\HelloWorldWithVS.csproj", "{08860D01-3DD2-47B6-83CF-59258CA5B308}"
EndProject
Global
	GlobalSection(SolutionConfigurationPlatforms) = preSolution
		Debug|Any CPU = Debug|Any CPU
		Release|Any CPU = Release|Any CPU
	EndGlobalSection
	GlobalSection(ProjectConfigurationPlatforms) = postSolution
		{08860D01-3DD2-47B6-83CF-59258CA5B308}.Debug|Any CPU.ActiveCfg = Debug|Any CPU
		{08860D01-3DD2-47B6-83CF-59258CA5B308}.Debug|Any CPU.Build.0 = Debug|Any CPU
		{08860D01-3DD2-47B6-83CF-59258CA5B308}.Release|Any CPU.ActiveCfg = Release|Any CPU
		{08860D01-3DD2-47B6-83CF-59258CA5B308}.Release|Any CPU.Build.0 = Release|Any CPU
	EndGlobalSection
	GlobalSection(SolutionProperties) = preSolution
		HideSolutionNode = FALSE
	EndGlobalSection
	GlobalSection(ExtensibilityGlobals) = postSolution
		SolutionGuid = {F99DCA96-2A66-47A6-8DDE-23EDC1FA4860}
	EndGlobalSection
EndGlobal
