
Microsoft Visual Studio Solution File, Format Version 12.00
# Visual Studio 15
VisualStudioVersion = 15.0.28010.2050
MinimumVisualStudioVersion = 10.0.40219.1
Project("{FAE04EC0-301F-11D3-BF4B-00C04F79EFBC}") = "Readingconf", "Readingconf.csproj", "{2142EDA7-91A8-432F-886B-207F464A6709}"
EndProject
Global
	GlobalSection(SolutionConfigurationPlatforms) = preSolution
		Debug|Any CPU = Debug|Any CPU
		Release|Any CPU = Release|Any CPU
	EndGlobalSection
	GlobalSection(ProjectConfigurationPlatforms) = postSolution
		{2142EDA7-91A8-432F-886B-207F464A6709}.Debug|Any CPU.ActiveCfg = Debug|Any CPU
		{2142EDA7-91A8-432F-886B-207F464A6709}.Debug|Any CPU.Build.0 = Debug|Any CPU
		{2142EDA7-91A8-432F-886B-207F464A6709}.Release|Any CPU.ActiveCfg = Release|Any CPU
		{2142EDA7-91A8-432F-886B-207F464A6709}.Release|Any CPU.Build.0 = Release|Any CPU
	EndGlobalSection
	GlobalSection(SolutionProperties) = preSolution
		HideSolutionNode = FALSE
	EndGlobalSection
	GlobalSection(ExtensibilityGlobals) = postSolution
		SolutionGuid = {21FFCA25-FD78-4580-B594-56AAEA89B6F5}
	EndGlobalSection
EndGlobal
