
Microsoft Visual Studio Solution File, Format Version 12.00
# Visual Studio Version 16
VisualStudioVersion = 16.0.808.3
MinimumVisualStudioVersion = 10.0.40219.1
Project("{FAE04EC0-301F-11D3-BF4B-00C04F79EFBC}") = "ConfigSample", "ConfigSample.csproj", "{8CCD2023-CDC5-46ED-9A86-9227B301453D}"
EndProject
Global
	GlobalSection(SolutionConfigurationPlatforms) = preSolution
		Debug|Any CPU = Debug|Any CPU
		Release|Any CPU = Release|Any CPU
	EndGlobalSection
	GlobalSection(ProjectConfigurationPlatforms) = postSolution
		{8CCD2023-CDC5-46ED-9A86-9227B301453D}.Debug|Any CPU.ActiveCfg = Debug|Any CPU
		{8CCD2023-CDC5-46ED-9A86-9227B301453D}.Debug|Any CPU.Build.0 = Debug|Any CPU
		{8CCD2023-CDC5-46ED-9A86-9227B301453D}.Release|Any CPU.ActiveCfg = Release|Any CPU
		{8CCD2023-CDC5-46ED-9A86-9227B301453D}.Release|Any CPU.Build.0 = Release|Any CPU
	EndGlobalSection
	GlobalSection(SolutionProperties) = preSolution
		HideSolutionNode = FALSE
	EndGlobalSection
	GlobalSection(ExtensibilityGlobals) = postSolution
		SolutionGuid = {59A54074-55BC-46E5-A9E4-9DC3128D50C8}
	EndGlobalSection
EndGlobal
