
Microsoft Visual Studio Solution File, Format Version 12.00
# Visual Studio Version 16
VisualStudioVersion = 16.0.30711.63
MinimumVisualStudioVersion = 10.0.40219.1
Project("{FAE04EC0-301F-11D3-BF4B-00C04F79EFBC}") = "E6 Debug-AsyncMainv1", "E6 Debugging and Async MainVersion1\E6 Debug-AsyncMainv1.csproj", "{297B1BC2-E308-4F8F-8721-2F4206D3206C}"
EndProject
Global
	GlobalSection(SolutionConfigurationPlatforms) = preSolution
		Debug|Any CPU = Debug|Any CPU
		Release|Any CPU = Release|Any CPU
	EndGlobalSection
	GlobalSection(ProjectConfigurationPlatforms) = postSolution
		{297B1BC2-E308-4F8F-8721-2F4206D3206C}.Debug|Any CPU.ActiveCfg = Debug|Any CPU
		{297B1BC2-E308-4F8F-8721-2F4206D3206C}.Debug|Any CPU.Build.0 = Debug|Any CPU
		{297B1BC2-E308-4F8F-8721-2F4206D3206C}.Release|Any CPU.ActiveCfg = Release|Any CPU
		{297B1BC2-E308-4F8F-8721-2F4206D3206C}.Release|Any CPU.Build.0 = Release|Any CPU
	EndGlobalSection
	GlobalSection(SolutionProperties) = preSolution
		HideSolutionNode = FALSE
	EndGlobalSection
	GlobalSection(ExtensibilityGlobals) = postSolution
		SolutionGuid = {4A48B5B5-896A-454C-9480-3162BCFE710C}
	EndGlobalSection
EndGlobal
