
Microsoft Visual Studio Solution File, Format Version 12.00
# Visual Studio Version 16
VisualStudioVersion = 16.0.30804.86
MinimumVisualStudioVersion = 10.0.40219.1
Project("{9A19103F-16F7-4668-BE54-9A1E7A4F7556}") = "E10", "E10\E10.csproj", "{B9291AA7-6082-4F32-B659-5CF405E44502}"
EndProject
Project("{FAE04EC0-301F-11D3-BF4B-00C04F79EFBC}") = "MyLib", "MyLib\MyLib.csproj", "{7FBC73D3-2321-4BF9-8343-5E27851B0166}"
EndProject
Global
	GlobalSection(SolutionConfigurationPlatforms) = preSolution
		Debug|Any CPU = Debug|Any CPU
		Release|Any CPU = Release|Any CPU
	EndGlobalSection
	GlobalSection(ProjectConfigurationPlatforms) = postSolution
		{B9291AA7-6082-4F32-B659-5CF405E44502}.Debug|Any CPU.ActiveCfg = Debug|Any CPU
		{B9291AA7-6082-4F32-B659-5CF405E44502}.Debug|Any CPU.Build.0 = Debug|Any CPU
		{B9291AA7-6082-4F32-B659-5CF405E44502}.Release|Any CPU.ActiveCfg = Release|Any CPU
		{B9291AA7-6082-4F32-B659-5CF405E44502}.Release|Any CPU.Build.0 = Release|Any CPU
		{7FBC73D3-2321-4BF9-8343-5E27851B0166}.Debug|Any CPU.ActiveCfg = Debug|Any CPU
		{7FBC73D3-2321-4BF9-8343-5E27851B0166}.Debug|Any CPU.Build.0 = Debug|Any CPU
		{7FBC73D3-2321-4BF9-8343-5E27851B0166}.Release|Any CPU.ActiveCfg = Release|Any CPU
		{7FBC73D3-2321-4BF9-8343-5E27851B0166}.Release|Any CPU.Build.0 = Release|Any CPU
	EndGlobalSection
	GlobalSection(SolutionProperties) = preSolution
		HideSolutionNode = FALSE
	EndGlobalSection
	GlobalSection(ExtensibilityGlobals) = postSolution
		SolutionGuid = {7C856771-C198-4BE1-BA5C-3C093945DBBE}
	EndGlobalSection
EndGlobal
