
Microsoft Visual Studio Solution File, Format Version 12.00
# Visual Studio Version 16
VisualStudioVersion = 16.0.30717.126
MinimumVisualStudioVersion = 10.0.40219.1
Project("{FAE04EC0-301F-11D3-BF4B-00C04F79EFBC}") = "AppSettings.json", "AppSettings.json\AppSettings.json.csproj", "{B94852D5-84E8-47DE-B8A2-7BE2E1AE21AD}"
EndProject
Global
	GlobalSection(SolutionConfigurationPlatforms) = preSolution
		Debug|Any CPU = Debug|Any CPU
		Release|Any CPU = Release|Any CPU
	EndGlobalSection
	GlobalSection(ProjectConfigurationPlatforms) = postSolution
		{B94852D5-84E8-47DE-B8A2-7BE2E1AE21AD}.Debug|Any CPU.ActiveCfg = Debug|Any CPU
		{B94852D5-84E8-47DE-B8A2-7BE2E1AE21AD}.Debug|Any CPU.Build.0 = Debug|Any CPU
		{B94852D5-84E8-47DE-B8A2-7BE2E1AE21AD}.Release|Any CPU.ActiveCfg = Release|Any CPU
		{B94852D5-84E8-47DE-B8A2-7BE2E1AE21AD}.Release|Any CPU.Build.0 = Release|Any CPU
	EndGlobalSection
	GlobalSection(SolutionProperties) = preSolution
		HideSolutionNode = FALSE
	EndGlobalSection
	GlobalSection(ExtensibilityGlobals) = postSolution
		SolutionGuid = {724170FF-388C-44F7-8532-A5B560B4CFBE}
	EndGlobalSection
EndGlobal
