
Microsoft Visual Studio Solution File, Format Version 12.00
# Visual Studio Version 16
VisualStudioVersion = 16.0.30804.86
MinimumVisualStudioVersion = 10.0.40219.1
Project("{FAE04EC0-301F-11D3-BF4B-00C04F79EFBC}") = "publish-independant", "publish-independant\publish-independant.csproj", "{88483DE0-E6DE-40F2-825B-010C92D27646}"
EndProject
Global
	GlobalSection(SolutionConfigurationPlatforms) = preSolution
		Debug|Any CPU = Debug|Any CPU
		Release|Any CPU = Release|Any CPU
	EndGlobalSection
	GlobalSection(ProjectConfigurationPlatforms) = postSolution
		{88483DE0-E6DE-40F2-825B-010C92D27646}.Debug|Any CPU.ActiveCfg = Debug|Any CPU
		{88483DE0-E6DE-40F2-825B-010C92D27646}.Debug|Any CPU.Build.0 = Debug|Any CPU
		{88483DE0-E6DE-40F2-825B-010C92D27646}.Release|Any CPU.ActiveCfg = Release|Any CPU
		{88483DE0-E6DE-40F2-825B-010C92D27646}.Release|Any CPU.Build.0 = Release|Any CPU
	EndGlobalSection
	GlobalSection(SolutionProperties) = preSolution
		HideSolutionNode = FALSE
	EndGlobalSection
	GlobalSection(ExtensibilityGlobals) = postSolution
		SolutionGuid = {B84C6115-0761-472B-A2BE-1A938EE6C763}
	EndGlobalSection
EndGlobal
