
Microsoft Visual Studio Solution File, Format Version 12.00
# Visual Studio Version 16
VisualStudioVersion = 16.0.30711.63
MinimumVisualStudioVersion = 10.0.40219.1
Project("{FAE04EC0-301F-11D3-BF4B-00C04F79EFBC}") = "ParallelThreadsAndTasks", "ParallelThreadsAndTasks\ParallelThreadsAndTasks.csproj", "{779CB0E7-DC9E-451E-A0C7-77CF97C87EF6}"
EndProject
Global
	GlobalSection(SolutionConfigurationPlatforms) = preSolution
		Debug|Any CPU = Debug|Any CPU
		Release|Any CPU = Release|Any CPU
	EndGlobalSection
	GlobalSection(ProjectConfigurationPlatforms) = postSolution
		{779CB0E7-DC9E-451E-A0C7-77CF97C87EF6}.Debug|Any CPU.ActiveCfg = Debug|Any CPU
		{779CB0E7-DC9E-451E-A0C7-77CF97C87EF6}.Debug|Any CPU.Build.0 = Debug|Any CPU
		{779CB0E7-DC9E-451E-A0C7-77CF97C87EF6}.Release|Any CPU.ActiveCfg = Release|Any CPU
		{779CB0E7-DC9E-451E-A0C7-77CF97C87EF6}.Release|Any CPU.Build.0 = Release|Any CPU
	EndGlobalSection
	GlobalSection(SolutionProperties) = preSolution
		HideSolutionNode = FALSE
	EndGlobalSection
	GlobalSection(ExtensibilityGlobals) = postSolution
		SolutionGuid = {E8480C84-03D7-4EA1-A9F6-8106E9A272F0}
	EndGlobalSection
EndGlobal
