
Microsoft Visual Studio Solution File, Format Version 12.00
# Visual Studio Version 16
VisualStudioVersion = 16.0.30804.86
MinimumVisualStudioVersion = 10.0.40219.1
Project("{FAE04EC0-301F-11D3-BF4B-00C04F79EFBC}") = "MyApplication", "MyApplication\MyApplication.csproj", "{DDB348E8-5327-4265-9F74-51619B1616EF}"
EndProject
Global
	GlobalSection(SolutionConfigurationPlatforms) = preSolution
		Debug|Any CPU = Debug|Any CPU
		Release|Any CPU = Release|Any CPU
	EndGlobalSection
	GlobalSection(ProjectConfigurationPlatforms) = postSolution
		{DDB348E8-5327-4265-9F74-51619B1616EF}.Debug|Any CPU.ActiveCfg = Debug|Any CPU
		{DDB348E8-5327-4265-9F74-51619B1616EF}.Debug|Any CPU.Build.0 = Debug|Any CPU
		{DDB348E8-5327-4265-9F74-51619B1616EF}.Release|Any CPU.ActiveCfg = Release|Any CPU
		{DDB348E8-5327-4265-9F74-51619B1616EF}.Release|Any CPU.Build.0 = Release|Any CPU
	EndGlobalSection
	GlobalSection(SolutionProperties) = preSolution
		HideSolutionNode = FALSE
	EndGlobalSection
	GlobalSection(ExtensibilityGlobals) = postSolution
		SolutionGuid = {AB356007-EDEF-45A1-AA0F-CE3B7F3829DE}
	EndGlobalSection
EndGlobal
