
Microsoft Visual Studio Solution File, Format Version 12.00
# Visual Studio Version 16
VisualStudioVersion = 16.0.30711.63
MinimumVisualStudioVersion = 10.0.40219.1
Project("{FAE04EC0-301F-11D3-BF4B-00C04F79EFBC}") = "Debug_Async", "Debug_Async\Debug_Async.csproj", "{EF390AAE-1B4D-4E88-AD84-AA2619FF4C61}"
EndProject
Global
	GlobalSection(SolutionConfigurationPlatforms) = preSolution
		Debug|Any CPU = Debug|Any CPU
		Release|Any CPU = Release|Any CPU
	EndGlobalSection
	GlobalSection(ProjectConfigurationPlatforms) = postSolution
		{EF390AAE-1B4D-4E88-AD84-AA2619FF4C61}.Debug|Any CPU.ActiveCfg = Debug|Any CPU
		{EF390AAE-1B4D-4E88-AD84-AA2619FF4C61}.Debug|Any CPU.Build.0 = Debug|Any CPU
		{EF390AAE-1B4D-4E88-AD84-AA2619FF4C61}.Release|Any CPU.ActiveCfg = Release|Any CPU
		{EF390AAE-1B4D-4E88-AD84-AA2619FF4C61}.Release|Any CPU.Build.0 = Release|Any CPU
	EndGlobalSection
	GlobalSection(SolutionProperties) = preSolution
		HideSolutionNode = FALSE
	EndGlobalSection
	GlobalSection(ExtensibilityGlobals) = postSolution
		SolutionGuid = {208E124B-E695-4E2F-A694-676E437F2F81}
	EndGlobalSection
EndGlobal
