
Microsoft Visual Studio Solution File, Format Version 12.00
# Visual Studio Version 16
VisualStudioVersion = 16.0.29418.71
MinimumVisualStudioVersion = 10.0.40219.1
Project("{FAE04EC0-301F-11D3-BF4B-00C04F79EFBC}") = "exercise 3", "exercise 3.csproj", "{2E62E482-FC10-494B-AF83-4813C904D321}"
EndProject
Global
	GlobalSection(SolutionConfigurationPlatforms) = preSolution
		Debug|Any CPU = Debug|Any CPU
		Release|Any CPU = Release|Any CPU
	EndGlobalSection
	GlobalSection(ProjectConfigurationPlatforms) = postSolution
		{2E62E482-FC10-494B-AF83-4813C904D321}.Debug|Any CPU.ActiveCfg = Debug|Any CPU
		{2E62E482-FC10-494B-AF83-4813C904D321}.Debug|Any CPU.Build.0 = Debug|Any CPU
		{2E62E482-FC10-494B-AF83-4813C904D321}.Release|Any CPU.ActiveCfg = Release|Any CPU
		{2E62E482-FC10-494B-AF83-4813C904D321}.Release|Any CPU.Build.0 = Release|Any CPU
	EndGlobalSection
	GlobalSection(SolutionProperties) = preSolution
		HideSolutionNode = FALSE
	EndGlobalSection
	GlobalSection(ExtensibilityGlobals) = postSolution
		SolutionGuid = {94610480-4967-4024-8976-9196B6094134}
	EndGlobalSection
EndGlobal
