
Microsoft Visual Studio Solution File, Format Version 12.00
# Visual Studio Version 16
VisualStudioVersion = 16.0.29418.71
MinimumVisualStudioVersion = 10.0.40219.1
Project("{FAE04EC0-301F-11D3-BF4B-00C04F79EFBC}") = "ex4", "ex4.csproj", "{7CD3AF2E-4C27-4A7D-8D80-7312824101D2}"
EndProject
Global
	GlobalSection(SolutionConfigurationPlatforms) = preSolution
		Debug|Any CPU = Debug|Any CPU
		Release|Any CPU = Release|Any CPU
	EndGlobalSection
	GlobalSection(ProjectConfigurationPlatforms) = postSolution
		{7CD3AF2E-4C27-4A7D-8D80-7312824101D2}.Debug|Any CPU.ActiveCfg = Debug|Any CPU
		{7CD3AF2E-4C27-4A7D-8D80-7312824101D2}.Debug|Any CPU.Build.0 = Debug|Any CPU
		{7CD3AF2E-4C27-4A7D-8D80-7312824101D2}.Release|Any CPU.ActiveCfg = Release|Any CPU
		{7CD3AF2E-4C27-4A7D-8D80-7312824101D2}.Release|Any CPU.Build.0 = Release|Any CPU
	EndGlobalSection
	GlobalSection(SolutionProperties) = preSolution
		HideSolutionNode = FALSE
	EndGlobalSection
	GlobalSection(ExtensibilityGlobals) = postSolution
		SolutionGuid = {B72CC456-F362-483D-BBA7-D2D04DAECCC4}
	EndGlobalSection
EndGlobal
