
Microsoft Visual Studio Solution File, Format Version 12.00
# Visual Studio Version 16
VisualStudioVersion = 16.0.30804.86
MinimumVisualStudioVersion = 10.0.40219.1
Project("{FAE04EC0-301F-11D3-BF4B-00C04F79EFBC}") = "HelloWorldWithClass", "HelloWorldWithClass\HelloWorldWithClass.csproj", "{ED4A381F-0761-45F6-B543-BE8E6CA5C751}"
EndProject
Global
	GlobalSection(SolutionConfigurationPlatforms) = preSolution
		Debug|Any CPU = Debug|Any CPU
		Release|Any CPU = Release|Any CPU
	EndGlobalSection
	GlobalSection(ProjectConfigurationPlatforms) = postSolution
		{ED4A381F-0761-45F6-B543-BE8E6CA5C751}.Debug|Any CPU.ActiveCfg = Debug|Any CPU
		{ED4A381F-0761-45F6-B543-BE8E6CA5C751}.Debug|Any CPU.Build.0 = Debug|Any CPU
		{ED4A381F-0761-45F6-B543-BE8E6CA5C751}.Release|Any CPU.ActiveCfg = Release|Any CPU
		{ED4A381F-0761-45F6-B543-BE8E6CA5C751}.Release|Any CPU.Build.0 = Release|Any CPU
	EndGlobalSection
	GlobalSection(SolutionProperties) = preSolution
		HideSolutionNode = FALSE
	EndGlobalSection
	GlobalSection(ExtensibilityGlobals) = postSolution
		SolutionGuid = {32A976D4-272A-4B82-864D-E3FB9F3F02B1}
	EndGlobalSection
EndGlobal
