
Microsoft Visual Studio Solution File, Format Version 12.00
# Visual Studio Version 16
VisualStudioVersion = 16.0.30717.126
MinimumVisualStudioVersion = 10.0.40219.1
Project("{9A19103F-16F7-4668-BE54-9A1E7A4F7556}") = "HelloWorldWithClass", "HelloWorldWithClass.csproj", "{A8D96F57-3401-4F0D-AF56-52273FFCE141}"
EndProject
Global
	GlobalSection(SolutionConfigurationPlatforms) = preSolution
		Debug|Any CPU = Debug|Any CPU
		Release|Any CPU = Release|Any CPU
	EndGlobalSection
	GlobalSection(ProjectConfigurationPlatforms) = postSolution
		{A8D96F57-3401-4F0D-AF56-52273FFCE141}.Debug|Any CPU.ActiveCfg = Release|Any CPU
		{A8D96F57-3401-4F0D-AF56-52273FFCE141}.Debug|Any CPU.Build.0 = Release|Any CPU
		{A8D96F57-3401-4F0D-AF56-52273FFCE141}.Release|Any CPU.ActiveCfg = Release|Any CPU
		{A8D96F57-3401-4F0D-AF56-52273FFCE141}.Release|Any CPU.Build.0 = Release|Any CPU
	EndGlobalSection
	GlobalSection(SolutionProperties) = preSolution
		HideSolutionNode = FALSE
	EndGlobalSection
	GlobalSection(ExtensibilityGlobals) = postSolution
		SolutionGuid = {93C3A374-A798-4005-8574-4F9FC1BEB6EB}
	EndGlobalSection
EndGlobal
