
Microsoft Visual Studio Solution File, Format Version 12.00
# Visual Studio Version 16
VisualStudioVersion = 16.0.30804.86
MinimumVisualStudioVersion = 10.0.40219.1
Project("{FAE04EC0-301F-11D3-BF4B-00C04F79EFBC}") = "school", "school.csproj", "{EA188C28-7E4C-4857-92A1-0D97EADC31BF}"
EndProject
Global
	GlobalSection(SolutionConfigurationPlatforms) = preSolution
		Debug|Any CPU = Debug|Any CPU
		Release|Any CPU = Release|Any CPU
	EndGlobalSection
	GlobalSection(ProjectConfigurationPlatforms) = postSolution
		{EA188C28-7E4C-4857-92A1-0D97EADC31BF}.Debug|Any CPU.ActiveCfg = Debug|Any CPU
		{EA188C28-7E4C-4857-92A1-0D97EADC31BF}.Debug|Any CPU.Build.0 = Debug|Any CPU
		{EA188C28-7E4C-4857-92A1-0D97EADC31BF}.Release|Any CPU.ActiveCfg = Release|Any CPU
		{EA188C28-7E4C-4857-92A1-0D97EADC31BF}.Release|Any CPU.Build.0 = Release|Any CPU
	EndGlobalSection
	GlobalSection(SolutionProperties) = preSolution
		HideSolutionNode = FALSE
	EndGlobalSection
	GlobalSection(ExtensibilityGlobals) = postSolution
		SolutionGuid = {D12E3988-1E9D-4090-A64B-E5C1E31FF281}
	EndGlobalSection
EndGlobal
