
Microsoft Visual Studio Solution File, Format Version 12.00
# Visual Studio Version 16
VisualStudioVersion = 16.0.30804.86
MinimumVisualStudioVersion = 10.0.40219.1
Project("{FAE04EC0-301F-11D3-BF4B-00C04F79EFBC}") = "Unitttest", "Unitttest\Unitttest.csproj", "{9CAE30A7-C9F2-448F-A4F5-DB9636782AE3}"
EndProject
Project("{FAE04EC0-301F-11D3-BF4B-00C04F79EFBC}") = "UnitTestProject1", "UnitTestProject1\UnitTestProject1.csproj", "{F8F8FA94-4C17-4C98-A4A3-5794228597D5}"
EndProject
Global
	GlobalSection(SolutionConfigurationPlatforms) = preSolution
		Debug|Any CPU = Debug|Any CPU
		Release|Any CPU = Release|Any CPU
	EndGlobalSection
	GlobalSection(ProjectConfigurationPlatforms) = postSolution
		{9CAE30A7-C9F2-448F-A4F5-DB9636782AE3}.Debug|Any CPU.ActiveCfg = Debug|Any CPU
		{9CAE30A7-C9F2-448F-A4F5-DB9636782AE3}.Debug|Any CPU.Build.0 = Debug|Any CPU
		{9CAE30A7-C9F2-448F-A4F5-DB9636782AE3}.Release|Any CPU.ActiveCfg = Release|Any CPU
		{9CAE30A7-C9F2-448F-A4F5-DB9636782AE3}.Release|Any CPU.Build.0 = Release|Any CPU
		{F8F8FA94-4C17-4C98-A4A3-5794228597D5}.Debug|Any CPU.ActiveCfg = Debug|Any CPU
		{F8F8FA94-4C17-4C98-A4A3-5794228597D5}.Debug|Any CPU.Build.0 = Debug|Any CPU
		{F8F8FA94-4C17-4C98-A4A3-5794228597D5}.Release|Any CPU.ActiveCfg = Release|Any CPU
		{F8F8FA94-4C17-4C98-A4A3-5794228597D5}.Release|Any CPU.Build.0 = Release|Any CPU
	EndGlobalSection
	GlobalSection(SolutionProperties) = preSolution
		HideSolutionNode = FALSE
	EndGlobalSection
	GlobalSection(ExtensibilityGlobals) = postSolution
		SolutionGuid = {A655FA5D-0D57-4F85-AF87-C3E28B2B31BB}
	EndGlobalSection
EndGlobal
