
Microsoft Visual Studio Solution File, Format Version 12.00
# Visual Studio Version 16
VisualStudioVersion = 16.0.30804.86
MinimumVisualStudioVersion = 10.0.40219.1
Project("{FAE04EC0-301F-11D3-BF4B-00C04F79EFBC}") = "ImageClassificationWithSpatialPooler", "ImageClassificationWithSpatialPooler.csproj", "{67A03C11-D154-4FD6-85BB-C7F0208F3795}"
EndProject
Global
	GlobalSection(SolutionConfigurationPlatforms) = preSolution
		Debug|Any CPU = Debug|Any CPU
		Release|Any CPU = Release|Any CPU
	EndGlobalSection
	GlobalSection(ProjectConfigurationPlatforms) = postSolution
		{67A03C11-D154-4FD6-85BB-C7F0208F3795}.Debug|Any CPU.ActiveCfg = Debug|Any CPU
		{67A03C11-D154-4FD6-85BB-C7F0208F3795}.Debug|Any CPU.Build.0 = Debug|Any CPU
		{67A03C11-D154-4FD6-85BB-C7F0208F3795}.Release|Any CPU.ActiveCfg = Release|Any CPU
		{67A03C11-D154-4FD6-85BB-C7F0208F3795}.Release|Any CPU.Build.0 = Release|Any CPU
	EndGlobalSection
	GlobalSection(SolutionProperties) = preSolution
		HideSolutionNode = FALSE
	EndGlobalSection
	GlobalSection(ExtensibilityGlobals) = postSolution
		SolutionGuid = {A7BD8810-82A5-43B4-A779-182782181F87}
	EndGlobalSection
EndGlobal
