
Microsoft Visual Studio Solution File, Format Version 12.00
# Visual Studio Version 16
VisualStudioVersion = 16.0.30711.63
MinimumVisualStudioVersion = 10.0.40219.1
Project("{FAE04EC0-301F-11D3-BF4B-00C04F79EFBC}") = "HelloWorldWithCli", "HelloWorldWithCli.csproj", "{A07D708A-3E69-41F1-B882-EE2DE88168C5}"
EndProject
Global
	GlobalSection(SolutionConfigurationPlatforms) = preSolution
		Debug|Any CPU = Debug|Any CPU
		Release|Any CPU = Release|Any CPU
	EndGlobalSection
	GlobalSection(ProjectConfigurationPlatforms) = postSolution
		{A07D708A-3E69-41F1-B882-EE2DE88168C5}.Debug|Any CPU.ActiveCfg = Debug|Any CPU
		{A07D708A-3E69-41F1-B882-EE2DE88168C5}.Debug|Any CPU.Build.0 = Debug|Any CPU
		{A07D708A-3E69-41F1-B882-EE2DE88168C5}.Release|Any CPU.ActiveCfg = Release|Any CPU
		{A07D708A-3E69-41F1-B882-EE2DE88168C5}.Release|Any CPU.Build.0 = Release|Any CPU
	EndGlobalSection
	GlobalSection(SolutionProperties) = preSolution
		HideSolutionNode = FALSE
	EndGlobalSection
	GlobalSection(ExtensibilityGlobals) = postSolution
		SolutionGuid = {01972841-D03D-483B-94E1-7DE5C68922DA}
	EndGlobalSection
EndGlobal
