
Microsoft Visual Studio Solution File, Format Version 12.00
# Visual Studio Version 16
VisualStudioVersion = 16.0.29418.71
MinimumVisualStudioVersion = 10.0.40219.1
Project("{9A19103F-16F7-4668-BE54-9A1E7A4F7556}") = "unittest", "unittest.csproj", "{50A89484-1FE5-4C83-95DF-A30BF60EB7C1}"
EndProject
Project("{FAE04EC0-301F-11D3-BF4B-00C04F79EFBC}") = "UnitTestProject1", "..\UnitTestProject1\UnitTestProject1.csproj", "{9BE169DF-3503-4838-B458-DBCA4324AC6C}"
EndProject
Global
	GlobalSection(SolutionConfigurationPlatforms) = preSolution
		Debug|Any CPU = Debug|Any CPU
		Release|Any CPU = Release|Any CPU
	EndGlobalSection
	GlobalSection(ProjectConfigurationPlatforms) = postSolution
		{50A89484-1FE5-4C83-95DF-A30BF60EB7C1}.Debug|Any CPU.ActiveCfg = Debug|Any CPU
		{50A89484-1FE5-4C83-95DF-A30BF60EB7C1}.Debug|Any CPU.Build.0 = Debug|Any CPU
		{50A89484-1FE5-4C83-95DF-A30BF60EB7C1}.Release|Any CPU.ActiveCfg = Release|Any CPU
		{50A89484-1FE5-4C83-95DF-A30BF60EB7C1}.Release|Any CPU.Build.0 = Release|Any CPU
		{9BE169DF-3503-4838-B458-DBCA4324AC6C}.Debug|Any CPU.ActiveCfg = Debug|Any CPU
		{9BE169DF-3503-4838-B458-DBCA4324AC6C}.Debug|Any CPU.Build.0 = Debug|Any CPU
		{9BE169DF-3503-4838-B458-DBCA4324AC6C}.Release|Any CPU.ActiveCfg = Release|Any CPU
		{9BE169DF-3503-4838-B458-DBCA4324AC6C}.Release|Any CPU.Build.0 = Release|Any CPU
	EndGlobalSection
	GlobalSection(SolutionProperties) = preSolution
		HideSolutionNode = FALSE
	EndGlobalSection
	GlobalSection(ExtensibilityGlobals) = postSolution
		SolutionGuid = {B7181590-3296-4E88-A6E1-EE0F291AB197}
	EndGlobalSection
EndGlobal
