
Microsoft Visual Studio Solution File, Format Version 12.00
# Visual Studio Version 16
VisualStudioVersion = 16.0.30711.63
MinimumVisualStudioVersion = 10.0.40219.1
Project("{FAE04EC0-301F-11D3-BF4B-00C04F79EFBC}") = "Parallel_Processing_DotNet3.1", "Parallel_Processing\Parallel_Processing_DotNet3.1.csproj", "{AB26D378-A631-4D5C-B26C-9B5CFF8AEEA9}"
EndProject
Global
	GlobalSection(SolutionConfigurationPlatforms) = preSolution
		Debug|Any CPU = Debug|Any CPU
		Release|Any CPU = Release|Any CPU
	EndGlobalSection
	GlobalSection(ProjectConfigurationPlatforms) = postSolution
		{AB26D378-A631-4D5C-B26C-9B5CFF8AEEA9}.Debug|Any CPU.ActiveCfg = Debug|Any CPU
		{AB26D378-A631-4D5C-B26C-9B5CFF8AEEA9}.Debug|Any CPU.Build.0 = Debug|Any CPU
		{AB26D378-A631-4D5C-B26C-9B5CFF8AEEA9}.Release|Any CPU.ActiveCfg = Release|Any CPU
		{AB26D378-A631-4D5C-B26C-9B5CFF8AEEA9}.Release|Any CPU.Build.0 = Release|Any CPU
	EndGlobalSection
	GlobalSection(SolutionProperties) = preSolution
		HideSolutionNode = FALSE
	EndGlobalSection
	GlobalSection(ExtensibilityGlobals) = postSolution
		SolutionGuid = {197BCB0C-8094-4349-89EC-92F8B7965400}
	EndGlobalSection
EndGlobal
