
Microsoft Visual Studio Solution File, Format Version 12.00
# Visual Studio Version 16
VisualStudioVersion = 16.0.30717.126
MinimumVisualStudioVersion = 10.0.40219.1
Project("{FAE04EC0-301F-11D3-BF4B-00C04F79EFBC}") = "InterfaceTrial2", "InterfaceTrial2\InterfaceTrial2.csproj", "{D9B8B054-5C7B-449C-A10E-EB4A802A82A8}"
EndProject
Global
	GlobalSection(SolutionConfigurationPlatforms) = preSolution
		Debug|Any CPU = Debug|Any CPU
		Release|Any CPU = Release|Any CPU
	EndGlobalSection
	GlobalSection(ProjectConfigurationPlatforms) = postSolution
		{D9B8B054-5C7B-449C-A10E-EB4A802A82A8}.Debug|Any CPU.ActiveCfg = Debug|Any CPU
		{D9B8B054-5C7B-449C-A10E-EB4A802A82A8}.Debug|Any CPU.Build.0 = Debug|Any CPU
		{D9B8B054-5C7B-449C-A10E-EB4A802A82A8}.Release|Any CPU.ActiveCfg = Release|Any CPU
		{D9B8B054-5C7B-449C-A10E-EB4A802A82A8}.Release|Any CPU.Build.0 = Release|Any CPU
	EndGlobalSection
	GlobalSection(SolutionProperties) = preSolution
		HideSolutionNode = FALSE
	EndGlobalSection
	GlobalSection(ExtensibilityGlobals) = postSolution
		SolutionGuid = {56063D8F-24E7-4300-8C64-53FF4C329A5B}
	EndGlobalSection
EndGlobal
