
Microsoft Visual Studio Solution File, Format Version 12.00
# Visual Studio Version 16
VisualStudioVersion = 16.0.30717.126
MinimumVisualStudioVersion = 10.0.40219.1
Project("{FAE04EC0-301F-11D3-BF4B-00C04F79EFBC}") = "publish-independent", "publish-independent\publish-independent.csproj", "{CF177FCB-1B39-4605-9155-046FCB40CAF8}"
EndProject
Global
	GlobalSection(SolutionConfigurationPlatforms) = preSolution
		Debug|Any CPU = Debug|Any CPU
		Release|Any CPU = Release|Any CPU
	EndGlobalSection
	GlobalSection(ProjectConfigurationPlatforms) = postSolution
		{CF177FCB-1B39-4605-9155-046FCB40CAF8}.Debug|Any CPU.ActiveCfg = Debug|Any CPU
		{CF177FCB-1B39-4605-9155-046FCB40CAF8}.Debug|Any CPU.Build.0 = Debug|Any CPU
		{CF177FCB-1B39-4605-9155-046FCB40CAF8}.Release|Any CPU.ActiveCfg = Release|Any CPU
		{CF177FCB-1B39-4605-9155-046FCB40CAF8}.Release|Any CPU.Build.0 = Release|Any CPU
	EndGlobalSection
	GlobalSection(SolutionProperties) = preSolution
		HideSolutionNode = FALSE
	EndGlobalSection
	GlobalSection(ExtensibilityGlobals) = postSolution
		SolutionGuid = {1EF745F1-4387-48DC-AC94-8EF6492CB169}
	EndGlobalSection
EndGlobal
