
Microsoft Visual Studio Solution File, Format Version 12.00
# Visual Studio Version 16
VisualStudioVersion = 16.0.30804.86
MinimumVisualStudioVersion = 10.0.40219.1
Project("{FAE04EC0-301F-11D3-BF4B-00C04F79EFBC}") = "publish-independent", "publish-independent\publish-independent.csproj", "{84B3B289-A107-4EA0-8F68-FBF0A99A7F1C}"
EndProject
Global
	GlobalSection(SolutionConfigurationPlatforms) = preSolution
		Debug|Any CPU = Debug|Any CPU
		Release|Any CPU = Release|Any CPU
	EndGlobalSection
	GlobalSection(ProjectConfigurationPlatforms) = postSolution
		{84B3B289-A107-4EA0-8F68-FBF0A99A7F1C}.Debug|Any CPU.ActiveCfg = Debug|Any CPU
		{84B3B289-A107-4EA0-8F68-FBF0A99A7F1C}.Debug|Any CPU.Build.0 = Debug|Any CPU
		{84B3B289-A107-4EA0-8F68-FBF0A99A7F1C}.Release|Any CPU.ActiveCfg = Release|Any CPU
		{84B3B289-A107-4EA0-8F68-FBF0A99A7F1C}.Release|Any CPU.Build.0 = Release|Any CPU
	EndGlobalSection
	GlobalSection(SolutionProperties) = preSolution
		HideSolutionNode = FALSE
	EndGlobalSection
	GlobalSection(ExtensibilityGlobals) = postSolution
		SolutionGuid = {9A2BD8FF-BB1D-473B-8A0F-BE78FD9822D2}
	EndGlobalSection
EndGlobal
