
Microsoft Visual Studio Solution File, Format Version 12.00
# Visual Studio Version 16
VisualStudioVersion = 16.0.30717.126
MinimumVisualStudioVersion = 10.0.40219.1
Project("{9A19103F-16F7-4668-BE54-9A1E7A4F7556}") = "publish-independent", "publish-independent\publish-independent.csproj", "{D65350F7-E2C2-4C0E-ACEC-4D1965A83304}"
EndProject
Project("{FAE04EC0-301F-11D3-BF4B-00C04F79EFBC}") = "FileManagement", "FileManagement\FileManagement.csproj", "{50CD675B-A94B-4C5B-B94D-551C49FACB5F}"
EndProject
Global
	GlobalSection(SolutionConfigurationPlatforms) = preSolution
		Debug|Any CPU = Debug|Any CPU
		Release|Any CPU = Release|Any CPU
	EndGlobalSection
	GlobalSection(ProjectConfigurationPlatforms) = postSolution
		{D65350F7-E2C2-4C0E-ACEC-4D1965A83304}.Debug|Any CPU.ActiveCfg = Debug|Any CPU
		{D65350F7-E2C2-4C0E-ACEC-4D1965A83304}.Debug|Any CPU.Build.0 = Debug|Any CPU
		{D65350F7-E2C2-4C0E-ACEC-4D1965A83304}.Release|Any CPU.ActiveCfg = Release|Any CPU
		{D65350F7-E2C2-4C0E-ACEC-4D1965A83304}.Release|Any CPU.Build.0 = Release|Any CPU
		{50CD675B-A94B-4C5B-B94D-551C49FACB5F}.Debug|Any CPU.ActiveCfg = Debug|Any CPU
		{50CD675B-A94B-4C5B-B94D-551C49FACB5F}.Debug|Any CPU.Build.0 = Debug|Any CPU
		{50CD675B-A94B-4C5B-B94D-551C49FACB5F}.Release|Any CPU.ActiveCfg = Release|Any CPU
		{50CD675B-A94B-4C5B-B94D-551C49FACB5F}.Release|Any CPU.Build.0 = Release|Any CPU
	EndGlobalSection
	GlobalSection(SolutionProperties) = preSolution
		HideSolutionNode = FALSE
	EndGlobalSection
	GlobalSection(ExtensibilityGlobals) = postSolution
		SolutionGuid = {E37CC14C-E4AA-4D2E-AA3E-705773C00C7F}
	EndGlobalSection
EndGlobal
