
Microsoft Visual Studio Solution File, Format Version 12.00
# Visual Studio Version 16
VisualStudioVersion = 16.0.30717.126
MinimumVisualStudioVersion = 10.0.40219.1
Project("{FAE04EC0-301F-11D3-BF4B-00C04F79EFBC}") = "Ex4", "Ex4\Ex4.csproj", "{B777FFF4-FCE1-424B-9946-30355885612F}"
EndProject
Global
	GlobalSection(SolutionConfigurationPlatforms) = preSolution
		Debug|Any CPU = Debug|Any CPU
		Release|Any CPU = Release|Any CPU
	EndGlobalSection
	GlobalSection(ProjectConfigurationPlatforms) = postSolution
		{B777FFF4-FCE1-424B-9946-30355885612F}.Debug|Any CPU.ActiveCfg = Debug|Any CPU
		{B777FFF4-FCE1-424B-9946-30355885612F}.Debug|Any CPU.Build.0 = Debug|Any CPU
		{B777FFF4-FCE1-424B-9946-30355885612F}.Release|Any CPU.ActiveCfg = Release|Any CPU
		{B777FFF4-FCE1-424B-9946-30355885612F}.Release|Any CPU.Build.0 = Release|Any CPU
	EndGlobalSection
	GlobalSection(SolutionProperties) = preSolution
		HideSolutionNode = FALSE
	EndGlobalSection
	GlobalSection(ExtensibilityGlobals) = postSolution
		SolutionGuid = {E9EC4282-91C3-4F44-B569-37551F089FC2}
	EndGlobalSection
EndGlobal
