
Microsoft Visual Studio Solution File, Format Version 12.00
# Visual Studio Version 16
VisualStudioVersion = 16.0.30804.86
MinimumVisualStudioVersion = 10.0.40219.1
Project("{FAE04EC0-301F-11D3-BF4B-00C04F79EFBC}") = "interfaceimp", "interfaceimp\interfaceimp.csproj", "{D34BCD32-A7B6-4FB1-B8C8-EC933C9DDECB}"
EndProject
Global
	GlobalSection(SolutionConfigurationPlatforms) = preSolution
		Debug|Any CPU = Debug|Any CPU
		Release|Any CPU = Release|Any CPU
	EndGlobalSection
	GlobalSection(ProjectConfigurationPlatforms) = postSolution
		{D34BCD32-A7B6-4FB1-B8C8-EC933C9DDECB}.Debug|Any CPU.ActiveCfg = Debug|Any CPU
		{D34BCD32-A7B6-4FB1-B8C8-EC933C9DDECB}.Debug|Any CPU.Build.0 = Debug|Any CPU
		{D34BCD32-A7B6-4FB1-B8C8-EC933C9DDECB}.Release|Any CPU.ActiveCfg = Release|Any CPU
		{D34BCD32-A7B6-4FB1-B8C8-EC933C9DDECB}.Release|Any CPU.Build.0 = Release|Any CPU
	EndGlobalSection
	GlobalSection(SolutionProperties) = preSolution
		HideSolutionNode = FALSE
	EndGlobalSection
	GlobalSection(ExtensibilityGlobals) = postSolution
		SolutionGuid = {E3DBA7BA-909F-48C1-9C3C-4B1AF6EFF881}
	EndGlobalSection
EndGlobal
