
Microsoft Visual Studio Solution File, Format Version 12.00
# Visual Studio Version 16
VisualStudioVersion = 16.0.30717.126
MinimumVisualStudioVersion = 10.0.40219.1
Project("{FAE04EC0-301F-11D3-BF4B-00C04F79EFBC}") = "ClassLibraryCreated_UsedInConsoleApplication", "ClassLibraryCreated_UsedInConsoleApplication\ClassLibraryCreated_UsedInConsoleApplication.csproj", "{8EB0541E-93D5-455C-B6FC-C508285BBA54}"
EndProject
Global
	GlobalSection(SolutionConfigurationPlatforms) = preSolution
		Debug|Any CPU = Debug|Any CPU
		Release|Any CPU = Release|Any CPU
	EndGlobalSection
	GlobalSection(ProjectConfigurationPlatforms) = postSolution
		{8EB0541E-93D5-455C-B6FC-C508285BBA54}.Debug|Any CPU.ActiveCfg = Debug|Any CPU
		{8EB0541E-93D5-455C-B6FC-C508285BBA54}.Debug|Any CPU.Build.0 = Debug|Any CPU
		{8EB0541E-93D5-455C-B6FC-C508285BBA54}.Release|Any CPU.ActiveCfg = Release|Any CPU
		{8EB0541E-93D5-455C-B6FC-C508285BBA54}.Release|Any CPU.Build.0 = Release|Any CPU
	EndGlobalSection
	GlobalSection(SolutionProperties) = preSolution
		HideSolutionNode = FALSE
	EndGlobalSection
	GlobalSection(ExtensibilityGlobals) = postSolution
		SolutionGuid = {1592EC9C-7B29-4107-96B1-7EFB6CAD2E13}
	EndGlobalSection
EndGlobal
