
Microsoft Visual Studio Solution File, Format Version 12.00
# Visual Studio Version 16
VisualStudioVersion = 16.0.30804.86
MinimumVisualStudioVersion = 10.0.40219.1
Project("{FAE04EC0-301F-11D3-BF4B-00C04F79EFBC}") = "InterfacesandClasses", "InterfacesandClasses\InterfacesandClasses.csproj", "{D2703BD9-CF7D-4930-98E1-C491A6028948}"
EndProject
Global
	GlobalSection(SolutionConfigurationPlatforms) = preSolution
		Debug|Any CPU = Debug|Any CPU
		Release|Any CPU = Release|Any CPU
	EndGlobalSection
	GlobalSection(ProjectConfigurationPlatforms) = postSolution
		{D2703BD9-CF7D-4930-98E1-C491A6028948}.Debug|Any CPU.ActiveCfg = Debug|Any CPU
		{D2703BD9-CF7D-4930-98E1-C491A6028948}.Debug|Any CPU.Build.0 = Debug|Any CPU
		{D2703BD9-CF7D-4930-98E1-C491A6028948}.Release|Any CPU.ActiveCfg = Release|Any CPU
		{D2703BD9-CF7D-4930-98E1-C491A6028948}.Release|Any CPU.Build.0 = Release|Any CPU
	EndGlobalSection
	GlobalSection(SolutionProperties) = preSolution
		HideSolutionNode = FALSE
	EndGlobalSection
	GlobalSection(ExtensibilityGlobals) = postSolution
		SolutionGuid = {046825E7-290D-4BA8-906E-73A408CAD00E}
	EndGlobalSection
EndGlobal
