
Microsoft Visual Studio Solution File, Format Version 12.00
# Visual Studio Version 16
VisualStudioVersion = 16.0.30711.63
MinimumVisualStudioVersion = 10.0.40219.1
Project("{FAE04EC0-301F-11D3-BF4B-00C04F79EFBC}") = "HelloWorld", "HelloWorld\HelloWorld.csproj", "{F68AD281-86D9-4B4F-AC7D-8DF0F96FE0C6}"
EndProject
Global
	GlobalSection(SolutionConfigurationPlatforms) = preSolution
		Debug|Any CPU = Debug|Any CPU
		Release|Any CPU = Release|Any CPU
	EndGlobalSection
	GlobalSection(ProjectConfigurationPlatforms) = postSolution
		{F68AD281-86D9-4B4F-AC7D-8DF0F96FE0C6}.Debug|Any CPU.ActiveCfg = Debug|Any CPU
		{F68AD281-86D9-4B4F-AC7D-8DF0F96FE0C6}.Debug|Any CPU.Build.0 = Debug|Any CPU
		{F68AD281-86D9-4B4F-AC7D-8DF0F96FE0C6}.Release|Any CPU.ActiveCfg = Release|Any CPU
		{F68AD281-86D9-4B4F-AC7D-8DF0F96FE0C6}.Release|Any CPU.Build.0 = Release|Any CPU
	EndGlobalSection
	GlobalSection(SolutionProperties) = preSolution
		HideSolutionNode = FALSE
	EndGlobalSection
	GlobalSection(ExtensibilityGlobals) = postSolution
		SolutionGuid = {EFCD18E9-6692-4C79-8C94-14194F76A2AC}
	EndGlobalSection
EndGlobal
