
Microsoft Visual Studio Solution File, Format Version 12.00
# Visual Studio Version 16
VisualStudioVersion = 16.0.30804.86
MinimumVisualStudioVersion = 10.0.40219.1
Project("{FAE04EC0-301F-11D3-BF4B-00C04F79EFBC}") = "E10_WorkingWithUnitTest", "E10_WorkingWithUnitTest\E10_WorkingWithUnitTest.csproj", "{219B0853-8866-4FD0-949A-2A6B04491301}"
EndProject
Project("{FAE04EC0-301F-11D3-BF4B-00C04F79EFBC}") = "E10_UnitTest", "E10_UnitTest\E10_UnitTest.csproj", "{AD7C22DF-A573-42BE-B709-74AA3599D591}"
EndProject
Global
	GlobalSection(SolutionConfigurationPlatforms) = preSolution
		Debug|Any CPU = Debug|Any CPU
		Release|Any CPU = Release|Any CPU
	EndGlobalSection
	GlobalSection(ProjectConfigurationPlatforms) = postSolution
		{219B0853-8866-4FD0-949A-2A6B04491301}.Debug|Any CPU.ActiveCfg = Debug|Any CPU
		{219B0853-8866-4FD0-949A-2A6B04491301}.Debug|Any CPU.Build.0 = Debug|Any CPU
		{219B0853-8866-4FD0-949A-2A6B04491301}.Release|Any CPU.ActiveCfg = Release|Any CPU
		{219B0853-8866-4FD0-949A-2A6B04491301}.Release|Any CPU.Build.0 = Release|Any CPU
		{AD7C22DF-A573-42BE-B709-74AA3599D591}.Debug|Any CPU.ActiveCfg = Debug|Any CPU
		{AD7C22DF-A573-42BE-B709-74AA3599D591}.Debug|Any CPU.Build.0 = Debug|Any CPU
		{AD7C22DF-A573-42BE-B709-74AA3599D591}.Release|Any CPU.ActiveCfg = Release|Any CPU
		{AD7C22DF-A573-42BE-B709-74AA3599D591}.Release|Any CPU.Build.0 = Release|Any CPU
	EndGlobalSection
	GlobalSection(SolutionProperties) = preSolution
		HideSolutionNode = FALSE
	EndGlobalSection
	GlobalSection(ExtensibilityGlobals) = postSolution
		SolutionGuid = {BED88A5F-234F-4DEE-9AC0-F23BFA1F820E}
	EndGlobalSection
EndGlobal
