
Microsoft Visual Studio Solution File, Format Version 12.00
# Visual Studio Version 16
VisualStudioVersion = 16.0.30717.126
MinimumVisualStudioVersion = 10.0.40219.1
Project("{FAE04EC0-301F-11D3-BF4B-00C04F79EFBC}") = "WorkingwithUnitTests", "WorkingwithUnitTests\WorkingwithUnitTests.csproj", "{1AA11129-1F1F-432D-B448-1EF6D6958618}"
EndProject
Project("{FAE04EC0-301F-11D3-BF4B-00C04F79EFBC}") = "UnitTestingLib", "UnitTestingLib\UnitTestingLib.csproj", "{DF7E9956-8899-423C-99C3-E921E285B0CC}"
EndProject
Global
	GlobalSection(SolutionConfigurationPlatforms) = preSolution
		Debug|Any CPU = Debug|Any CPU
		Release|Any CPU = Release|Any CPU
	EndGlobalSection
	GlobalSection(ProjectConfigurationPlatforms) = postSolution
		{1AA11129-1F1F-432D-B448-1EF6D6958618}.Debug|Any CPU.ActiveCfg = Debug|Any CPU
		{1AA11129-1F1F-432D-B448-1EF6D6958618}.Debug|Any CPU.Build.0 = Debug|Any CPU
		{1AA11129-1F1F-432D-B448-1EF6D6958618}.Release|Any CPU.ActiveCfg = Release|Any CPU
		{1AA11129-1F1F-432D-B448-1EF6D6958618}.Release|Any CPU.Build.0 = Release|Any CPU
		{DF7E9956-8899-423C-99C3-E921E285B0CC}.Debug|Any CPU.ActiveCfg = Debug|Any CPU
		{DF7E9956-8899-423C-99C3-E921E285B0CC}.Debug|Any CPU.Build.0 = Debug|Any CPU
		{DF7E9956-8899-423C-99C3-E921E285B0CC}.Release|Any CPU.ActiveCfg = Release|Any CPU
		{DF7E9956-8899-423C-99C3-E921E285B0CC}.Release|Any CPU.Build.0 = Release|Any CPU
	EndGlobalSection
	GlobalSection(SolutionProperties) = preSolution
		HideSolutionNode = FALSE
	EndGlobalSection
	GlobalSection(ExtensibilityGlobals) = postSolution
		SolutionGuid = {EC4F2DC1-A812-4FBE-B85C-40F38B298441}
	EndGlobalSection
EndGlobal
