
Microsoft Visual Studio Solution File, Format Version 12.00
# Visual Studio Version 16
VisualStudioVersion = 16.0.30804.86
MinimumVisualStudioVersion = 10.0.40219.1
Project("{9A19103F-16F7-4668-BE54-9A1E7A4F7556}") = "WorkingWithUnitTests", "WorkingWithUnitTests\WorkingWithUnitTests.csproj", "{BACA404F-B484-476D-A067-484742576E42}"
EndProject
Project("{9A19103F-16F7-4668-BE54-9A1E7A4F7556}") = "UnitTestMyLib", "UnitTestMyLib\UnitTestMyLib.csproj", "{D9CAE15F-8181-4191-A047-C5673D79C40E}"
EndProject
Project("{FAE04EC0-301F-11D3-BF4B-00C04F79EFBC}") = "DMAS", "DMAS\DMAS.csproj", "{A5193CE9-ECD8-4CDE-B647-FB871C07C223}"
EndProject
Global
	GlobalSection(SolutionConfigurationPlatforms) = preSolution
		Debug|Any CPU = Debug|Any CPU
		Release|Any CPU = Release|Any CPU
	EndGlobalSection
	GlobalSection(ProjectConfigurationPlatforms) = postSolution
		{BACA404F-B484-476D-A067-484742576E42}.Debug|Any CPU.ActiveCfg = Debug|Any CPU
		{BACA404F-B484-476D-A067-484742576E42}.Debug|Any CPU.Build.0 = Debug|Any CPU
		{BACA404F-B484-476D-A067-484742576E42}.Release|Any CPU.ActiveCfg = Release|Any CPU
		{BACA404F-B484-476D-A067-484742576E42}.Release|Any CPU.Build.0 = Release|Any CPU
		{D9CAE15F-8181-4191-A047-C5673D79C40E}.Debug|Any CPU.ActiveCfg = Debug|Any CPU
		{D9CAE15F-8181-4191-A047-C5673D79C40E}.Debug|Any CPU.Build.0 = Debug|Any CPU
		{D9CAE15F-8181-4191-A047-C5673D79C40E}.Release|Any CPU.ActiveCfg = Release|Any CPU
		{D9CAE15F-8181-4191-A047-C5673D79C40E}.Release|Any CPU.Build.0 = Release|Any CPU
		{A5193CE9-ECD8-4CDE-B647-FB871C07C223}.Debug|Any CPU.ActiveCfg = Debug|Any CPU
		{A5193CE9-ECD8-4CDE-B647-FB871C07C223}.Debug|Any CPU.Build.0 = Debug|Any CPU
		{A5193CE9-ECD8-4CDE-B647-FB871C07C223}.Release|Any CPU.ActiveCfg = Release|Any CPU
		{A5193CE9-ECD8-4CDE-B647-FB871C07C223}.Release|Any CPU.Build.0 = Release|Any CPU
	EndGlobalSection
	GlobalSection(SolutionProperties) = preSolution
		HideSolutionNode = FALSE
	EndGlobalSection
	GlobalSection(ExtensibilityGlobals) = postSolution
		SolutionGuid = {30AB4F92-B42B-413D-9192-D6C2D31515EA}
	EndGlobalSection
EndGlobal
