
Microsoft Visual Studio Solution File, Format Version 12.00
# Visual Studio Version 16
VisualStudioVersion = 16.0.30711.63
MinimumVisualStudioVersion = 10.0.40219.1
Project("{9A19103F-16F7-4668-BE54-9A1E7A4F7556}") = "CalculatorNugetPackage", "CalculatorNugetPackage\CalculatorNugetPackage.csproj", "{6A0D2BDC-0A52-40E6-BC01-95BE66FE32D5}"
EndProject
Project("{FAE04EC0-301F-11D3-BF4B-00C04F79EFBC}") = "UnitTestProject", "UnitTestProject\UnitTestProject.csproj", "{F73A940C-8106-4A67-A950-91481C5A7BED}"
EndProject
Global
	GlobalSection(SolutionConfigurationPlatforms) = preSolution
		Debug|Any CPU = Debug|Any CPU
		Release|Any CPU = Release|Any CPU
	EndGlobalSection
	GlobalSection(ProjectConfigurationPlatforms) = postSolution
		{6A0D2BDC-0A52-40E6-BC01-95BE66FE32D5}.Debug|Any CPU.ActiveCfg = Debug|Any CPU
		{6A0D2BDC-0A52-40E6-BC01-95BE66FE32D5}.Debug|Any CPU.Build.0 = Debug|Any CPU
		{6A0D2BDC-0A52-40E6-BC01-95BE66FE32D5}.Release|Any CPU.ActiveCfg = Release|Any CPU
		{6A0D2BDC-0A52-40E6-BC01-95BE66FE32D5}.Release|Any CPU.Build.0 = Release|Any CPU
		{F73A940C-8106-4A67-A950-91481C5A7BED}.Debug|Any CPU.ActiveCfg = Debug|Any CPU
		{F73A940C-8106-4A67-A950-91481C5A7BED}.Debug|Any CPU.Build.0 = Debug|Any CPU
		{F73A940C-8106-4A67-A950-91481C5A7BED}.Release|Any CPU.ActiveCfg = Release|Any CPU
		{F73A940C-8106-4A67-A950-91481C5A7BED}.Release|Any CPU.Build.0 = Release|Any CPU
	EndGlobalSection
	GlobalSection(SolutionProperties) = preSolution
		HideSolutionNode = FALSE
	EndGlobalSection
	GlobalSection(ExtensibilityGlobals) = postSolution
		SolutionGuid = {0B013835-78E7-4203-83A1-6136366E999B}
	EndGlobalSection
EndGlobal
