
Microsoft Visual Studio Solution File, Format Version 12.00
# Visual Studio Version 16
VisualStudioVersion = 16.0.29509.3
MinimumVisualStudioVersion = 10.0.40219.1
Project("{9A19103F-16F7-4668-BE54-9A1E7A4F7556}") = "Ex10", "Ex10.csproj", "{1ACBF5C6-E42E-460C-963A-7BA2DBD5B78B}"
EndProject
Project("{FAE04EC0-301F-11D3-BF4B-00C04F79EFBC}") = "UnitTestProject1", "..\UnitTestProject1\UnitTestProject1.csproj", "{A087752A-E896-4275-9A5F-D66AE3A92209}"
EndProject
Global
	GlobalSection(SolutionConfigurationPlatforms) = preSolution
		Debug|Any CPU = Debug|Any CPU
		Release|Any CPU = Release|Any CPU
	EndGlobalSection
	GlobalSection(ProjectConfigurationPlatforms) = postSolution
		{1ACBF5C6-E42E-460C-963A-7BA2DBD5B78B}.Debug|Any CPU.ActiveCfg = Debug|Any CPU
		{1ACBF5C6-E42E-460C-963A-7BA2DBD5B78B}.Debug|Any CPU.Build.0 = Debug|Any CPU
		{1ACBF5C6-E42E-460C-963A-7BA2DBD5B78B}.Release|Any CPU.ActiveCfg = Release|Any CPU
		{1ACBF5C6-E42E-460C-963A-7BA2DBD5B78B}.Release|Any CPU.Build.0 = Release|Any CPU
		{A087752A-E896-4275-9A5F-D66AE3A92209}.Debug|Any CPU.ActiveCfg = Debug|Any CPU
		{A087752A-E896-4275-9A5F-D66AE3A92209}.Debug|Any CPU.Build.0 = Debug|Any CPU
		{A087752A-E896-4275-9A5F-D66AE3A92209}.Release|Any CPU.ActiveCfg = Release|Any CPU
		{A087752A-E896-4275-9A5F-D66AE3A92209}.Release|Any CPU.Build.0 = Release|Any CPU
	EndGlobalSection
	GlobalSection(SolutionProperties) = preSolution
		HideSolutionNode = FALSE
	EndGlobalSection
	GlobalSection(ExtensibilityGlobals) = postSolution
		SolutionGuid = {2D95A6C5-8276-4E70-9235-C52AF5C94AC2}
	EndGlobalSection
EndGlobal
