
Microsoft Visual Studio Solution File, Format Version 12.00
# Visual Studio Version 16
VisualStudioVersion = 16.0.30804.86
MinimumVisualStudioVersion = 10.0.40219.1
Project("{FAE04EC0-301F-11D3-BF4B-00C04F79EFBC}") = "E11", "E11\E11.csproj", "{BBE2975E-054F-4347-9F39-51972F6AAF43}"
EndProject
Project("{FAE04EC0-301F-11D3-BF4B-00C04F79EFBC}") = "E11Tests", "E11Tests\E11Tests.csproj", "{4E633C5A-BB87-40F2-8979-D5576359DB4B}"
EndProject
Global
	GlobalSection(SolutionConfigurationPlatforms) = preSolution
		Debug|Any CPU = Debug|Any CPU
		Release|Any CPU = Release|Any CPU
	EndGlobalSection
	GlobalSection(ProjectConfigurationPlatforms) = postSolution
		{BBE2975E-054F-4347-9F39-51972F6AAF43}.Debug|Any CPU.ActiveCfg = Debug|Any CPU
		{BBE2975E-054F-4347-9F39-51972F6AAF43}.Debug|Any CPU.Build.0 = Debug|Any CPU
		{BBE2975E-054F-4347-9F39-51972F6AAF43}.Release|Any CPU.ActiveCfg = Release|Any CPU
		{BBE2975E-054F-4347-9F39-51972F6AAF43}.Release|Any CPU.Build.0 = Release|Any CPU
		{4E633C5A-BB87-40F2-8979-D5576359DB4B}.Debug|Any CPU.ActiveCfg = Debug|Any CPU
		{4E633C5A-BB87-40F2-8979-D5576359DB4B}.Debug|Any CPU.Build.0 = Debug|Any CPU
		{4E633C5A-BB87-40F2-8979-D5576359DB4B}.Release|Any CPU.ActiveCfg = Release|Any CPU
		{4E633C5A-BB87-40F2-8979-D5576359DB4B}.Release|Any CPU.Build.0 = Release|Any CPU
	EndGlobalSection
	GlobalSection(SolutionProperties) = preSolution
		HideSolutionNode = FALSE
	EndGlobalSection
	GlobalSection(ExtensibilityGlobals) = postSolution
		SolutionGuid = {EC75441D-5619-4126-913C-7D77C94509F0}
	EndGlobalSection
EndGlobal
