
Microsoft Visual Studio Solution File, Format Version 12.00
# Visual Studio Version 16
VisualStudioVersion = 16.0.29411.108
MinimumVisualStudioVersion = 10.0.40219.1
Project("{FAE04EC0-301F-11D3-BF4B-00C04F79EFBC}") = "Ex4", "Ex4.csproj", "{229660AA-6518-4C60-9412-F2378E8D3269}"
EndProject
Global
	GlobalSection(SolutionConfigurationPlatforms) = preSolution
		Debug|Any CPU = Debug|Any CPU
		Release|Any CPU = Release|Any CPU
	EndGlobalSection
	GlobalSection(ProjectConfigurationPlatforms) = postSolution
		{229660AA-6518-4C60-9412-F2378E8D3269}.Debug|Any CPU.ActiveCfg = Debug|Any CPU
		{229660AA-6518-4C60-9412-F2378E8D3269}.Debug|Any CPU.Build.0 = Debug|Any CPU
		{229660AA-6518-4C60-9412-F2378E8D3269}.Release|Any CPU.ActiveCfg = Release|Any CPU
		{229660AA-6518-4C60-9412-F2378E8D3269}.Release|Any CPU.Build.0 = Release|Any CPU
	EndGlobalSection
	GlobalSection(SolutionProperties) = preSolution
		HideSolutionNode = FALSE
	EndGlobalSection
	GlobalSection(ExtensibilityGlobals) = postSolution
		SolutionGuid = {E07F9919-A42D-4A67-8FDF-0BFC2DB28CB9}
	EndGlobalSection
EndGlobal
