
Microsoft Visual Studio Solution File, Format Version 12.00
# Visual Studio Version 16
VisualStudioVersion = 16.0.30804.86
MinimumVisualStudioVersion = 10.0.40219.1
Project("{FAE04EC0-301F-11D3-BF4B-00C04F79EFBC}") = "DebuggingProject", "DebuggingProject\DebuggingProject.csproj", "{94657D7D-72C1-4C49-A787-D471DC6AC591}"
EndProject
Global
	GlobalSection(SolutionConfigurationPlatforms) = preSolution
		Debug|Any CPU = Debug|Any CPU
		Release|Any CPU = Release|Any CPU
	EndGlobalSection
	GlobalSection(ProjectConfigurationPlatforms) = postSolution
		{94657D7D-72C1-4C49-A787-D471DC6AC591}.Debug|Any CPU.ActiveCfg = Debug|Any CPU
		{94657D7D-72C1-4C49-A787-D471DC6AC591}.Debug|Any CPU.Build.0 = Debug|Any CPU
		{94657D7D-72C1-4C49-A787-D471DC6AC591}.Release|Any CPU.ActiveCfg = Release|Any CPU
		{94657D7D-72C1-4C49-A787-D471DC6AC591}.Release|Any CPU.Build.0 = Release|Any CPU
	EndGlobalSection
	GlobalSection(SolutionProperties) = preSolution
		HideSolutionNode = FALSE
	EndGlobalSection
	GlobalSection(ExtensibilityGlobals) = postSolution
		SolutionGuid = {27816CD9-44D6-401C-8C18-EC0F3AEA3A0F}
	EndGlobalSection
EndGlobal
