
Microsoft Visual Studio Solution File, Format Version 12.00
# Visual Studio 15
VisualStudioVersion = 15.0.27004.2008
MinimumVisualStudioVersion = 10.0.40219.1
Project("{FAE04EC0-301F-11D3-BF4B-00C04F79EFBC}") = "ThreadingSample", "ThreadingSample\ThreadingSample.csproj", "{DF7A074E-96F3-4BBA-A54B-AF3FE86B37F7}"
EndProject
Project("{FAE04EC0-301F-11D3-BF4B-00C04F79EFBC}") = "ThreadingSampleNetCore", "ThreadingSampleNetCore\ThreadingSampleNetCore.csproj", "{79697226-6C7F-49CA-B95D-8F0BA2AC90DA}"
EndProject
Global
	GlobalSection(SolutionConfigurationPlatforms) = preSolution
		Debug|Any CPU = Debug|Any CPU
		Release|Any CPU = Release|Any CPU
	EndGlobalSection
	GlobalSection(ProjectConfigurationPlatforms) = postSolution
		{DF7A074E-96F3-4BBA-A54B-AF3FE86B37F7}.Debug|Any CPU.ActiveCfg = Debug|Any CPU
		{DF7A074E-96F3-4BBA-A54B-AF3FE86B37F7}.Debug|Any CPU.Build.0 = Debug|Any CPU
		{DF7A074E-96F3-4BBA-A54B-AF3FE86B37F7}.Release|Any CPU.ActiveCfg = Release|Any CPU
		{DF7A074E-96F3-4BBA-A54B-AF3FE86B37F7}.Release|Any CPU.Build.0 = Release|Any CPU
		{79697226-6C7F-49CA-B95D-8F0BA2AC90DA}.Debug|Any CPU.ActiveCfg = Debug|Any CPU
		{79697226-6C7F-49CA-B95D-8F0BA2AC90DA}.Debug|Any CPU.Build.0 = Debug|Any CPU
		{79697226-6C7F-49CA-B95D-8F0BA2AC90DA}.Release|Any CPU.ActiveCfg = Release|Any CPU
		{79697226-6C7F-49CA-B95D-8F0BA2AC90DA}.Release|Any CPU.Build.0 = Release|Any CPU
	EndGlobalSection
	GlobalSection(SolutionProperties) = preSolution
		HideSolutionNode = FALSE
	EndGlobalSection
	GlobalSection(ExtensibilityGlobals) = postSolution
		SolutionGuid = {107A67DE-4129-40FC-9BB8-41229D5557F1}
	EndGlobalSection
EndGlobal
