
Microsoft Visual Studio Solution File, Format Version 12.00
# Visual Studio Version 16
VisualStudioVersion = 16.0.30804.86
MinimumVisualStudioVersion = 10.0.40219.1
Project("{FAE04EC0-301F-11D3-BF4B-00C04F79EFBC}") = "UnitTesting_ConsoleLibrary", "UnitTesting_ConsoleLibrary\UnitTesting_ConsoleLibrary.csproj", "{0D61197E-08F4-4E81-A326-DF7B83C80FED}"
EndProject
Project("{FAE04EC0-301F-11D3-BF4B-00C04F79EFBC}") = "UnitTestProject1", "UnitTestProject1\UnitTestProject1.csproj", "{FE19C731-1E23-4FD6-B730-E9B040C0F840}"
EndProject
Global
	GlobalSection(SolutionConfigurationPlatforms) = preSolution
		Debug|Any CPU = Debug|Any CPU
		Release|Any CPU = Release|Any CPU
	EndGlobalSection
	GlobalSection(ProjectConfigurationPlatforms) = postSolution
		{0D61197E-08F4-4E81-A326-DF7B83C80FED}.Debug|Any CPU.ActiveCfg = Debug|Any CPU
		{0D61197E-08F4-4E81-A326-DF7B83C80FED}.Debug|Any CPU.Build.0 = Debug|Any CPU
		{0D61197E-08F4-4E81-A326-DF7B83C80FED}.Release|Any CPU.ActiveCfg = Release|Any CPU
		{0D61197E-08F4-4E81-A326-DF7B83C80FED}.Release|Any CPU.Build.0 = Release|Any CPU
		{FE19C731-1E23-4FD6-B730-E9B040C0F840}.Debug|Any CPU.ActiveCfg = Debug|Any CPU
		{FE19C731-1E23-4FD6-B730-E9B040C0F840}.Debug|Any CPU.Build.0 = Debug|Any CPU
		{FE19C731-1E23-4FD6-B730-E9B040C0F840}.Release|Any CPU.ActiveCfg = Release|Any CPU
		{FE19C731-1E23-4FD6-B730-E9B040C0F840}.Release|Any CPU.Build.0 = Release|Any CPU
	EndGlobalSection
	GlobalSection(SolutionProperties) = preSolution
		HideSolutionNode = FALSE
	EndGlobalSection
	GlobalSection(ExtensibilityGlobals) = postSolution
		SolutionGuid = {948DF287-09B6-42B0-AF0A-B20B75825395}
	EndGlobalSection
EndGlobal
