
Microsoft Visual Studio Solution File, Format Version 12.00
# Visual Studio Version 16
VisualStudioVersion = 16.0.30711.63
MinimumVisualStudioVersion = 10.0.40219.1
Project("{FAE04EC0-301F-11D3-BF4B-00C04F79EFBC}") = "ReadingWritingtoCSVfile", "ReadingWritingtoCSVfile.csproj", "{4C224F8D-7971-4A99-BBEB-F61FD8614947}"
EndProject
Global
	GlobalSection(SolutionConfigurationPlatforms) = preSolution
		Debug|Any CPU = Debug|Any CPU
		Release|Any CPU = Release|Any CPU
	EndGlobalSection
	GlobalSection(ProjectConfigurationPlatforms) = postSolution
		{4C224F8D-7971-4A99-BBEB-F61FD8614947}.Debug|Any CPU.ActiveCfg = Debug|Any CPU
		{4C224F8D-7971-4A99-BBEB-F61FD8614947}.Debug|Any CPU.Build.0 = Debug|Any CPU
		{4C224F8D-7971-4A99-BBEB-F61FD8614947}.Release|Any CPU.ActiveCfg = Release|Any CPU
		{4C224F8D-7971-4A99-BBEB-F61FD8614947}.Release|Any CPU.Build.0 = Release|Any CPU
	EndGlobalSection
	GlobalSection(SolutionProperties) = preSolution
		HideSolutionNode = FALSE
	EndGlobalSection
	GlobalSection(ExtensibilityGlobals) = postSolution
		SolutionGuid = {BFD82ED4-449B-4C17-BA03-C031F281F4DA}
	EndGlobalSection
EndGlobal
