
Microsoft Visual Studio Solution File, Format Version 12.00
# Visual Studio Version 16
VisualStudioVersion = 16.0.29418.71
MinimumVisualStudioVersion = 10.0.40219.1
Project("{FAE04EC0-301F-11D3-BF4B-00C04F79EFBC}") = "exercise 2", "exercise 2.csproj", "{96ADA90D-7B76-4FE1-B156-6CA543D05803}"
EndProject
Global
	GlobalSection(SolutionConfigurationPlatforms) = preSolution
		Debug|Any CPU = Debug|Any CPU
		Release|Any CPU = Release|Any CPU
	EndGlobalSection
	GlobalSection(ProjectConfigurationPlatforms) = postSolution
		{96ADA90D-7B76-4FE1-B156-6CA543D05803}.Debug|Any CPU.ActiveCfg = Debug|Any CPU
		{96ADA90D-7B76-4FE1-B156-6CA543D05803}.Debug|Any CPU.Build.0 = Debug|Any CPU
		{96ADA90D-7B76-4FE1-B156-6CA543D05803}.Release|Any CPU.ActiveCfg = Release|Any CPU
		{96ADA90D-7B76-4FE1-B156-6CA543D05803}.Release|Any CPU.Build.0 = Release|Any CPU
	EndGlobalSection
	GlobalSection(SolutionProperties) = preSolution
		HideSolutionNode = FALSE
	EndGlobalSection
	GlobalSection(ExtensibilityGlobals) = postSolution
		SolutionGuid = {5A5A0203-FCE8-409B-A6BA-124C3B495D9B}
	EndGlobalSection
EndGlobal
