
Microsoft Visual Studio Solution File, Format Version 12.00
# Visual Studio Version 16
VisualStudioVersion = 16.0.30804.86
MinimumVisualStudioVersion = 10.0.40219.1
Project("{FAE04EC0-301F-11D3-BF4B-00C04F79EFBC}") = "Independent", "Independent\Independent.csproj", "{E730045C-6F93-4BC5-AB16-C17B52CBBE83}"
EndProject
Global
	GlobalSection(SolutionConfigurationPlatforms) = preSolution
		Debug|Any CPU = Debug|Any CPU
		Release|Any CPU = Release|Any CPU
	EndGlobalSection
	GlobalSection(ProjectConfigurationPlatforms) = postSolution
		{E730045C-6F93-4BC5-AB16-C17B52CBBE83}.Debug|Any CPU.ActiveCfg = Debug|Any CPU
		{E730045C-6F93-4BC5-AB16-C17B52CBBE83}.Debug|Any CPU.Build.0 = Debug|Any CPU
		{E730045C-6F93-4BC5-AB16-C17B52CBBE83}.Release|Any CPU.ActiveCfg = Release|Any CPU
		{E730045C-6F93-4BC5-AB16-C17B52CBBE83}.Release|Any CPU.Build.0 = Release|Any CPU
	EndGlobalSection
	GlobalSection(SolutionProperties) = preSolution
		HideSolutionNode = FALSE
	EndGlobalSection
	GlobalSection(ExtensibilityGlobals) = postSolution
		SolutionGuid = {CD3FA2F4-53EB-4C37-89DF-D95167499E40}
	EndGlobalSection
EndGlobal
