
Microsoft Visual Studio Solution File, Format Version 12.00
# Visual Studio Version 16
VisualStudioVersion = 16.0.30804.86
MinimumVisualStudioVersion = 10.0.40219.1
Project("{FAE04EC0-301F-11D3-BF4B-00C04F79EFBC}") = "ThreadingNetCore3.1", "ThreadingNetCore3.1.csproj", "{29CD9A5F-CF7A-4C44-80F5-4CEA1F20DE62}"
EndProject
Global
	GlobalSection(SolutionConfigurationPlatforms) = preSolution
		Debug|Any CPU = Debug|Any CPU
		Release|Any CPU = Release|Any CPU
	EndGlobalSection
	GlobalSection(ProjectConfigurationPlatforms) = postSolution
		{29CD9A5F-CF7A-4C44-80F5-4CEA1F20DE62}.Debug|Any CPU.ActiveCfg = Debug|Any CPU
		{29CD9A5F-CF7A-4C44-80F5-4CEA1F20DE62}.Debug|Any CPU.Build.0 = Debug|Any CPU
		{29CD9A5F-CF7A-4C44-80F5-4CEA1F20DE62}.Release|Any CPU.ActiveCfg = Release|Any CPU
		{29CD9A5F-CF7A-4C44-80F5-4CEA1F20DE62}.Release|Any CPU.Build.0 = Release|Any CPU
	EndGlobalSection
	GlobalSection(SolutionProperties) = preSolution
		HideSolutionNode = FALSE
	EndGlobalSection
	GlobalSection(ExtensibilityGlobals) = postSolution
		SolutionGuid = {FB41CFAF-A26F-4F10-8323-982CDE151999}
	EndGlobalSection
EndGlobal
