
Microsoft Visual Studio Solution File, Format Version 12.00
# Visual Studio Version 16
VisualStudioVersion = 16.0.30011.22
MinimumVisualStudioVersion = 10.0.40219.1
Project("{FAE04EC0-301F-11D3-BF4B-00C04F79EFBC}") = "ConsoleApp1", "ConsoleApp1\ConsoleApp1.csproj", "{8403A3A8-530C-4AD0-9F93-1FBFE68FAD14}"
EndProject
Global
	GlobalSection(SolutionConfigurationPlatforms) = preSolution
		Debug|Any CPU = Debug|Any CPU
		Release|Any CPU = Release|Any CPU
	EndGlobalSection
	GlobalSection(ProjectConfigurationPlatforms) = postSolution
		{8403A3A8-530C-4AD0-9F93-1FBFE68FAD14}.Debug|Any CPU.ActiveCfg = Debug|Any CPU
		{8403A3A8-530C-4AD0-9F93-1FBFE68FAD14}.Debug|Any CPU.Build.0 = Debug|Any CPU
		{8403A3A8-530C-4AD0-9F93-1FBFE68FAD14}.Release|Any CPU.ActiveCfg = Release|Any CPU
		{8403A3A8-530C-4AD0-9F93-1FBFE68FAD14}.Release|Any CPU.Build.0 = Release|Any CPU
	EndGlobalSection
	GlobalSection(SolutionProperties) = preSolution
		HideSolutionNode = FALSE
	EndGlobalSection
	GlobalSection(ExtensibilityGlobals) = postSolution
		SolutionGuid = {AD8C2E26-42A2-4E8C-881C-8E9E0C56BBF7}
	EndGlobalSection
EndGlobal
