Microsoft Visual Studio Solution File, Format Version 12.00
# Visual Studio Version 16
VisualStudioVersion = 16.0.30711.63
MinimumVisualStudioVersion = 10.0.40219.1
Project("{FAE04EC0-301F-11D3-BF4B-00C04F79EFBC}") = "ReadConfiguration", "ReadConfiguration.csproj", "{97B0F6C0-D2A2-4749-97B6-9C81399C3A0A}"
EndProject
Global
	GlobalSection(SolutionConfigurationPlatforms) = preSolution
		Debug|Any CPU = Debug|Any CPU
		Release|Any CPU = Release|Any CPU
	EndGlobalSection
	GlobalSection(ProjectConfigurationPlatforms) = postSolution
		{97B0F6C0-D2A2-4749-97B6-9C81399C3A0A}.Debug|Any CPU.ActiveCfg = Debug|Any CPU
		{97B0F6C0-D2A2-4749-97B6-9C81399C3A0A}.Debug|Any CPU.Build.0 = Debug|Any CPU
		{97B0F6C0-D2A2-4749-97B6-9C81399C3A0A}.Release|Any CPU.ActiveCfg = Release|Any CPU
		{97B0F6C0-D2A2-4749-97B6-9C81399C3A0A}.Release|Any CPU.Build.0 = Release|Any CPU
	EndGlobalSection
	GlobalSection(SolutionProperties) = preSolution
		HideSolutionNode = FALSE
	EndGlobalSection
	GlobalSection(ExtensibilityGlobals) = postSolution
		SolutionGuid = {22D24FF9-682E-4335-9633-24F68AF35A7A}
	EndGlobalSection
EndGlobal