
Microsoft Visual Studio Solution File, Format Version 12.00
# Visual Studio Version 16
VisualStudioVersion = 16.0.30717.126
MinimumVisualStudioVersion = 10.0.40219.1
Project("{FAE04EC0-301F-11D3-BF4B-00C04F79EFBC}") = "SquareRootWithClass", "SquareRootWithClass\SquareRootWithClass.csproj", "{46CB37F6-2EB3-4888-AC63-1BF08636DE92}"
EndProject
Global
	GlobalSection(SolutionConfigurationPlatforms) = preSolution
		Debug|Any CPU = Debug|Any CPU
		Release|Any CPU = Release|Any CPU
	EndGlobalSection
	GlobalSection(ProjectConfigurationPlatforms) = postSolution
		{46CB37F6-2EB3-4888-AC63-1BF08636DE92}.Debug|Any CPU.ActiveCfg = Debug|Any CPU
		{46CB37F6-2EB3-4888-AC63-1BF08636DE92}.Debug|Any CPU.Build.0 = Debug|Any CPU
		{46CB37F6-2EB3-4888-AC63-1BF08636DE92}.Release|Any CPU.ActiveCfg = Release|Any CPU
		{46CB37F6-2EB3-4888-AC63-1BF08636DE92}.Release|Any CPU.Build.0 = Release|Any CPU
	EndGlobalSection
	GlobalSection(SolutionProperties) = preSolution
		HideSolutionNode = FALSE
	EndGlobalSection
	GlobalSection(ExtensibilityGlobals) = postSolution
		SolutionGuid = {B5247E09-1BD8-47AC-A87B-A5A23F9353AD}
	EndGlobalSection
EndGlobal
