
Microsoft Visual Studio Solution File, Format Version 12.00
# Visual Studio Version 16
VisualStudioVersion = 16.0.30804.86
MinimumVisualStudioVersion = 10.0.40219.1
Project("{FAE04EC0-301F-11D3-BF4B-00C04F79EFBC}") = "ConsoleApp", "ConsoleApp.csproj", "{8BD6A48F-5051-48C6-8A27-1962D3FC9B98}"
EndProject
Global
	GlobalSection(SolutionConfigurationPlatforms) = preSolution
		Debug|Any CPU = Debug|Any CPU
		Release|Any CPU = Release|Any CPU
	EndGlobalSection
	GlobalSection(ProjectConfigurationPlatforms) = postSolution
		{8BD6A48F-5051-48C6-8A27-1962D3FC9B98}.Debug|Any CPU.ActiveCfg = Debug|Any CPU
		{8BD6A48F-5051-48C6-8A27-1962D3FC9B98}.Debug|Any CPU.Build.0 = Debug|Any CPU
		{8BD6A48F-5051-48C6-8A27-1962D3FC9B98}.Release|Any CPU.ActiveCfg = Release|Any CPU
		{8BD6A48F-5051-48C6-8A27-1962D3FC9B98}.Release|Any CPU.Build.0 = Release|Any CPU
	EndGlobalSection
	GlobalSection(SolutionProperties) = preSolution
		HideSolutionNode = FALSE
	EndGlobalSection
	GlobalSection(ExtensibilityGlobals) = postSolution
		SolutionGuid = {8D3CA30C-C4A8-4299-B714-4C82CDA2F499}
	EndGlobalSection
EndGlobal
