
Microsoft Visual Studio Solution File, Format Version 12.00
# Visual Studio 15
VisualStudioVersion = 15.0.28307.271
MinimumVisualStudioVersion = 10.0.40219.1
Project("{9A19103F-16F7-4668-BE54-9A1E7A4F7556}") = "Naivebayes", "Naivebayes\Naivebayes.csproj", "{11E8AD50-AA5B-4561-B5C8-037A96BB4CBE}"
EndProject
Project("{9A19103F-16F7-4668-BE54-9A1E7A4F7556}") = "UnitTestNB", "UnitTestNB\UnitTestNB.csproj", "{9FB6436B-837F-4FEF-A58D-F9B7B6120714}"
EndProject
Global
	GlobalSection(SolutionConfigurationPlatforms) = preSolution
		Debug|Any CPU = Debug|Any CPU
		Release|Any CPU = Release|Any CPU
	EndGlobalSection
	GlobalSection(ProjectConfigurationPlatforms) = postSolution
		{11E8AD50-AA5B-4561-B5C8-037A96BB4CBE}.Debug|Any CPU.ActiveCfg = Debug|Any CPU
		{11E8AD50-AA5B-4561-B5C8-037A96BB4CBE}.Debug|Any CPU.Build.0 = Debug|Any CPU
		{11E8AD50-AA5B-4561-B5C8-037A96BB4CBE}.Release|Any CPU.ActiveCfg = Release|Any CPU
		{11E8AD50-AA5B-4561-B5C8-037A96BB4CBE}.Release|Any CPU.Build.0 = Release|Any CPU
		{9FB6436B-837F-4FEF-A58D-F9B7B6120714}.Debug|Any CPU.ActiveCfg = Debug|Any CPU
		{9FB6436B-837F-4FEF-A58D-F9B7B6120714}.Debug|Any CPU.Build.0 = Debug|Any CPU
		{9FB6436B-837F-4FEF-A58D-F9B7B6120714}.Release|Any CPU.ActiveCfg = Release|Any CPU
		{9FB6436B-837F-4FEF-A58D-F9B7B6120714}.Release|Any CPU.Build.0 = Release|Any CPU
	EndGlobalSection
	GlobalSection(SolutionProperties) = preSolution
		HideSolutionNode = FALSE
	EndGlobalSection
	GlobalSection(ExtensibilityGlobals) = postSolution
		SolutionGuid = {E7D257E3-A300-4F44-93E7-E48AFC732EB7}
	EndGlobalSection
EndGlobal
