
Microsoft Visual Studio Solution File, Format Version 12.00
# Visual Studio Version 16
VisualStudioVersion = 16.0.30804.86
MinimumVisualStudioVersion = 10.0.40219.1
Project("{FAE04EC0-301F-11D3-BF4B-00C04F79EFBC}") = "Nuget-Package", "Nuget-Package.csproj", "{ED990779-B256-4377-829B-1DFB326D7664}"
EndProject
Project("{FAE04EC0-301F-11D3-BF4B-00C04F79EFBC}") = "TestLibrary", "TestLibrary\TestLibrary.csproj", "{2492DD09-B003-42CC-B4BD-3FE42FA28F0A}"
EndProject
Global
	GlobalSection(SolutionConfigurationPlatforms) = preSolution
		Debug|Any CPU = Debug|Any CPU
		Release|Any CPU = Release|Any CPU
	EndGlobalSection
	GlobalSection(ProjectConfigurationPlatforms) = postSolution
		{ED990779-B256-4377-829B-1DFB326D7664}.Debug|Any CPU.ActiveCfg = Debug|Any CPU
		{ED990779-B256-4377-829B-1DFB326D7664}.Debug|Any CPU.Build.0 = Debug|Any CPU
		{ED990779-B256-4377-829B-1DFB326D7664}.Release|Any CPU.ActiveCfg = Release|Any CPU
		{ED990779-B256-4377-829B-1DFB326D7664}.Release|Any CPU.Build.0 = Release|Any CPU
		{2492DD09-B003-42CC-B4BD-3FE42FA28F0A}.Debug|Any CPU.ActiveCfg = Debug|Any CPU
		{2492DD09-B003-42CC-B4BD-3FE42FA28F0A}.Debug|Any CPU.Build.0 = Debug|Any CPU
		{2492DD09-B003-42CC-B4BD-3FE42FA28F0A}.Release|Any CPU.ActiveCfg = Release|Any CPU
		{2492DD09-B003-42CC-B4BD-3FE42FA28F0A}.Release|Any CPU.Build.0 = Release|Any CPU
	EndGlobalSection
	GlobalSection(SolutionProperties) = preSolution
		HideSolutionNode = FALSE
	EndGlobalSection
	GlobalSection(ExtensibilityGlobals) = postSolution
		SolutionGuid = {909D086D-241D-41F1-B734-A564CD8CD395}
	EndGlobalSection
EndGlobal
