
Microsoft Visual Studio Solution File, Format Version 12.00
# Visual Studio Version 16
VisualStudioVersion = 16.0.29424.173
MinimumVisualStudioVersion = 10.0.40219.1
Project("{9A19103F-16F7-4668-BE54-9A1E7A4F7556}") = "Calculation", "Calculation\Calculation.csproj", "{2906C53D-2E1F-4DB2-B2C7-E28EF1354C3D}"
EndProject
Project("{9A19103F-16F7-4668-BE54-9A1E7A4F7556}") = "NugetProj", "NugetProj\NugetProj.csproj", "{AD4ED399-F86F-4219-A4E6-1B754FAF8718}"
EndProject
Global
	GlobalSection(SolutionConfigurationPlatforms) = preSolution
		Debug|Any CPU = Debug|Any CPU
		Release|Any CPU = Release|Any CPU
	EndGlobalSection
	GlobalSection(ProjectConfigurationPlatforms) = postSolution
		{2906C53D-2E1F-4DB2-B2C7-E28EF1354C3D}.Debug|Any CPU.ActiveCfg = Debug|Any CPU
		{2906C53D-2E1F-4DB2-B2C7-E28EF1354C3D}.Debug|Any CPU.Build.0 = Debug|Any CPU
		{2906C53D-2E1F-4DB2-B2C7-E28EF1354C3D}.Release|Any CPU.ActiveCfg = Release|Any CPU
		{2906C53D-2E1F-4DB2-B2C7-E28EF1354C3D}.Release|Any CPU.Build.0 = Release|Any CPU
		{AD4ED399-F86F-4219-A4E6-1B754FAF8718}.Debug|Any CPU.ActiveCfg = Debug|Any CPU
		{AD4ED399-F86F-4219-A4E6-1B754FAF8718}.Debug|Any CPU.Build.0 = Debug|Any CPU
		{AD4ED399-F86F-4219-A4E6-1B754FAF8718}.Release|Any CPU.ActiveCfg = Release|Any CPU
		{AD4ED399-F86F-4219-A4E6-1B754FAF8718}.Release|Any CPU.Build.0 = Release|Any CPU
	EndGlobalSection
	GlobalSection(SolutionProperties) = preSolution
		HideSolutionNode = FALSE
	EndGlobalSection
	GlobalSection(ExtensibilityGlobals) = postSolution
		SolutionGuid = {5A180DFA-25E4-4144-9874-3DB9C3D01A4F}
	EndGlobalSection
EndGlobal
