
Microsoft Visual Studio Solution File, Format Version 12.00
# Visual Studio Version 16
VisualStudioVersion = 16.0.30711.63
MinimumVisualStudioVersion = 10.0.40219.1
Project("{FAE04EC0-301F-11D3-BF4B-00C04F79EFBC}") = "InterfacesandClasses", "InterfacesandClasses.csproj", "{BD43E5AE-AEB0-4E5F-8F6B-6A90B978785F}"
EndProject
Global
	GlobalSection(SolutionConfigurationPlatforms) = preSolution
		Debug|Any CPU = Debug|Any CPU
		Release|Any CPU = Release|Any CPU
	EndGlobalSection
	GlobalSection(ProjectConfigurationPlatforms) = postSolution
		{BD43E5AE-AEB0-4E5F-8F6B-6A90B978785F}.Debug|Any CPU.ActiveCfg = Debug|Any CPU
		{BD43E5AE-AEB0-4E5F-8F6B-6A90B978785F}.Debug|Any CPU.Build.0 = Debug|Any CPU
		{BD43E5AE-AEB0-4E5F-8F6B-6A90B978785F}.Release|Any CPU.ActiveCfg = Release|Any CPU
		{BD43E5AE-AEB0-4E5F-8F6B-6A90B978785F}.Release|Any CPU.Build.0 = Release|Any CPU
	EndGlobalSection
	GlobalSection(SolutionProperties) = preSolution
		HideSolutionNode = FALSE
	EndGlobalSection
	GlobalSection(ExtensibilityGlobals) = postSolution
		SolutionGuid = {67470A97-EDCE-4889-8E48-CCF48872BD8B}
	EndGlobalSection
EndGlobal
