
Microsoft Visual Studio Solution File, Format Version 12.00
# Visual Studio Version 16
VisualStudioVersion = 16.0.30711.63
MinimumVisualStudioVersion = 10.0.40219.1
Project("{FAE04EC0-301F-11D3-BF4B-00C04F79EFBC}") = "publish-independent", "publish-independent\publish-independent.csproj", "{8A4F9F6D-9B5D-46BF-BDDE-EBFB9C0EFC1D}"
EndProject
Global
	GlobalSection(SolutionConfigurationPlatforms) = preSolution
		Debug|Any CPU = Debug|Any CPU
		Release|Any CPU = Release|Any CPU
	EndGlobalSection
	GlobalSection(ProjectConfigurationPlatforms) = postSolution
		{8A4F9F6D-9B5D-46BF-BDDE-EBFB9C0EFC1D}.Debug|Any CPU.ActiveCfg = Debug|Any CPU
		{8A4F9F6D-9B5D-46BF-BDDE-EBFB9C0EFC1D}.Debug|Any CPU.Build.0 = Debug|Any CPU
		{8A4F9F6D-9B5D-46BF-BDDE-EBFB9C0EFC1D}.Release|Any CPU.ActiveCfg = Release|Any CPU
		{8A4F9F6D-9B5D-46BF-BDDE-EBFB9C0EFC1D}.Release|Any CPU.Build.0 = Release|Any CPU
	EndGlobalSection
	GlobalSection(SolutionProperties) = preSolution
		HideSolutionNode = FALSE
	EndGlobalSection
	GlobalSection(ExtensibilityGlobals) = postSolution
		SolutionGuid = {4BA966DE-D229-4102-B79C-EB21D1811333}
	EndGlobalSection
EndGlobal
