
Microsoft Visual Studio Solution File, Format Version 12.00
# Visual Studio Version 16
VisualStudioVersion = 16.0.30717.126
MinimumVisualStudioVersion = 10.0.40219.1
Project("{FAE04EC0-301F-11D3-BF4B-00C04F79EFBC}") = "ConfigurationE7", "ConfigurationE7\ConfigurationE7.csproj", "{ADACCCA0-271E-44D8-ACC4-E53F4029AA44}"
EndProject
Global
	GlobalSection(SolutionConfigurationPlatforms) = preSolution
		Debug|Any CPU = Debug|Any CPU
		Release|Any CPU = Release|Any CPU
	EndGlobalSection
	GlobalSection(ProjectConfigurationPlatforms) = postSolution
		{ADACCCA0-271E-44D8-ACC4-E53F4029AA44}.Debug|Any CPU.ActiveCfg = Debug|Any CPU
		{ADACCCA0-271E-44D8-ACC4-E53F4029AA44}.Debug|Any CPU.Build.0 = Debug|Any CPU
		{ADACCCA0-271E-44D8-ACC4-E53F4029AA44}.Release|Any CPU.ActiveCfg = Release|Any CPU
		{ADACCCA0-271E-44D8-ACC4-E53F4029AA44}.Release|Any CPU.Build.0 = Release|Any CPU
	EndGlobalSection
	GlobalSection(SolutionProperties) = preSolution
		HideSolutionNode = FALSE
	EndGlobalSection
	GlobalSection(ExtensibilityGlobals) = postSolution
		SolutionGuid = {C01842D5-2CA7-4F7B-A07F-4F25F9928443}
	EndGlobalSection
EndGlobal
