
Microsoft Visual Studio Solution File, Format Version 12.00
# Visual Studio Version 16
VisualStudioVersion = 16.0.30711.63
MinimumVisualStudioVersion = 10.0.40219.1
Project("{FAE04EC0-301F-11D3-BF4B-00C04F79EFBC}") = "Parallel_Processing_DontNet5.0", "Parallel_Processing_DontNet5.0\Parallel_Processing_DontNet5.0.csproj", "{A4357594-AB26-42F0-A973-11C8C9EF88EE}"
EndProject
Global
	GlobalSection(SolutionConfigurationPlatforms) = preSolution
		Debug|Any CPU = Debug|Any CPU
		Release|Any CPU = Release|Any CPU
	EndGlobalSection
	GlobalSection(ProjectConfigurationPlatforms) = postSolution
		{A4357594-AB26-42F0-A973-11C8C9EF88EE}.Debug|Any CPU.ActiveCfg = Debug|Any CPU
		{A4357594-AB26-42F0-A973-11C8C9EF88EE}.Debug|Any CPU.Build.0 = Debug|Any CPU
		{A4357594-AB26-42F0-A973-11C8C9EF88EE}.Release|Any CPU.ActiveCfg = Release|Any CPU
		{A4357594-AB26-42F0-A973-11C8C9EF88EE}.Release|Any CPU.Build.0 = Release|Any CPU
	EndGlobalSection
	GlobalSection(SolutionProperties) = preSolution
		HideSolutionNode = FALSE
	EndGlobalSection
	GlobalSection(ExtensibilityGlobals) = postSolution
		SolutionGuid = {41F0CD79-9ED9-45E7-9254-37824B4D12A9}
	EndGlobalSection
EndGlobal
