
Microsoft Visual Studio Solution File, Format Version 12.00
# Visual Studio Version 16
VisualStudioVersion = 16.0.29424.173
MinimumVisualStudioVersion = 10.0.40219.1
Project("{FAE04EC0-301F-11D3-BF4B-00C04F79EFBC}") = "UnitTestSample", "UnitTestSample\UnitTestSample.csproj", "{31F538C3-28AF-4C00-B0C8-024CD729AEC4}"
EndProject
Project("{FAE04EC0-301F-11D3-BF4B-00C04F79EFBC}") = "UnitTestImplementation", "UnitTestImplementation\UnitTestImplementation.csproj", "{4C88CD38-358A-4F37-8BE5-3A72BA6A5CE5}"
EndProject
Global
	GlobalSection(SolutionConfigurationPlatforms) = preSolution
		Debug|Any CPU = Debug|Any CPU
		Release|Any CPU = Release|Any CPU
	EndGlobalSection
	GlobalSection(ProjectConfigurationPlatforms) = postSolution
		{31F538C3-28AF-4C00-B0C8-024CD729AEC4}.Debug|Any CPU.ActiveCfg = Debug|Any CPU
		{31F538C3-28AF-4C00-B0C8-024CD729AEC4}.Debug|Any CPU.Build.0 = Debug|Any CPU
		{31F538C3-28AF-4C00-B0C8-024CD729AEC4}.Release|Any CPU.ActiveCfg = Release|Any CPU
		{31F538C3-28AF-4C00-B0C8-024CD729AEC4}.Release|Any CPU.Build.0 = Release|Any CPU
		{4C88CD38-358A-4F37-8BE5-3A72BA6A5CE5}.Debug|Any CPU.ActiveCfg = Debug|Any CPU
		{4C88CD38-358A-4F37-8BE5-3A72BA6A5CE5}.Debug|Any CPU.Build.0 = Debug|Any CPU
		{4C88CD38-358A-4F37-8BE5-3A72BA6A5CE5}.Release|Any CPU.ActiveCfg = Release|Any CPU
		{4C88CD38-358A-4F37-8BE5-3A72BA6A5CE5}.Release|Any CPU.Build.0 = Release|Any CPU
	EndGlobalSection
	GlobalSection(SolutionProperties) = preSolution
		HideSolutionNode = FALSE
	EndGlobalSection
	GlobalSection(ExtensibilityGlobals) = postSolution
		SolutionGuid = {54493243-4164-43D1-AB8F-7ED04FA199AB}
	EndGlobalSection
EndGlobal
