
Microsoft Visual Studio Solution File, Format Version 12.00
# Visual Studio Version 16
VisualStudioVersion = 16.0.30717.126
MinimumVisualStudioVersion = 10.0.40219.1
Project("{FAE04EC0-301F-11D3-BF4B-00C04F79EFBC}") = "Program3", "Program3\Program3.csproj", "{A12F51AE-3782-4957-9E91-CE5CCB95875B}"
EndProject
Project("{FAE04EC0-301F-11D3-BF4B-00C04F79EFBC}") = "ClassLibrary1", "ClassLibrary1\ClassLibrary1.csproj", "{2CEDA560-1A82-4022-AE16-6D7D2AB561B7}"
EndProject
Global
	GlobalSection(SolutionConfigurationPlatforms) = preSolution
		Debug|Any CPU = Debug|Any CPU
		Release|Any CPU = Release|Any CPU
	EndGlobalSection
	GlobalSection(ProjectConfigurationPlatforms) = postSolution
		{A12F51AE-3782-4957-9E91-CE5CCB95875B}.Debug|Any CPU.ActiveCfg = Debug|Any CPU
		{A12F51AE-3782-4957-9E91-CE5CCB95875B}.Debug|Any CPU.Build.0 = Debug|Any CPU
		{A12F51AE-3782-4957-9E91-CE5CCB95875B}.Release|Any CPU.ActiveCfg = Release|Any CPU
		{A12F51AE-3782-4957-9E91-CE5CCB95875B}.Release|Any CPU.Build.0 = Release|Any CPU
		{2CEDA560-1A82-4022-AE16-6D7D2AB561B7}.Debug|Any CPU.ActiveCfg = Debug|Any CPU
		{2CEDA560-1A82-4022-AE16-6D7D2AB561B7}.Debug|Any CPU.Build.0 = Debug|Any CPU
		{2CEDA560-1A82-4022-AE16-6D7D2AB561B7}.Release|Any CPU.ActiveCfg = Release|Any CPU
		{2CEDA560-1A82-4022-AE16-6D7D2AB561B7}.Release|Any CPU.Build.0 = Release|Any CPU
	EndGlobalSection
	GlobalSection(SolutionProperties) = preSolution
		HideSolutionNode = FALSE
	EndGlobalSection
	GlobalSection(ExtensibilityGlobals) = postSolution
		SolutionGuid = {44D80233-3DD1-4FBF-9271-4D9CC106E05A}
	EndGlobalSection
EndGlobal
