
Microsoft Visual Studio Solution File, Format Version 12.00
# Visual Studio Version 16
VisualStudioVersion = 16.0.30711.63
MinimumVisualStudioVersion = 10.0.40219.1
Project("{FAE04EC0-301F-11D3-BF4B-00C04F79EFBC}") = "NuggetProj", "NuggetProj.csproj", "{D95A0342-159B-4950-AB88-0E04EAC226D6}"
EndProject
Global
	GlobalSection(SolutionConfigurationPlatforms) = preSolution
		Debug|Any CPU = Debug|Any CPU
		Release|Any CPU = Release|Any CPU
	EndGlobalSection
	GlobalSection(ProjectConfigurationPlatforms) = postSolution
		{D95A0342-159B-4950-AB88-0E04EAC226D6}.Debug|Any CPU.ActiveCfg = Debug|Any CPU
		{D95A0342-159B-4950-AB88-0E04EAC226D6}.Debug|Any CPU.Build.0 = Debug|Any CPU
		{D95A0342-159B-4950-AB88-0E04EAC226D6}.Release|Any CPU.ActiveCfg = Release|Any CPU
		{D95A0342-159B-4950-AB88-0E04EAC226D6}.Release|Any CPU.Build.0 = Release|Any CPU
	EndGlobalSection
	GlobalSection(SolutionProperties) = preSolution
		HideSolutionNode = FALSE
	EndGlobalSection
	GlobalSection(ExtensibilityGlobals) = postSolution
		SolutionGuid = {B4098ACC-A078-4125-9E4E-E80101D8967F}
	EndGlobalSection
EndGlobal
