
Microsoft Visual Studio Solution File, Format Version 12.00
# Visual Studio Version 16
VisualStudioVersion = 16.0.808.3
MinimumVisualStudioVersion = 10.0.40219.1
Project("{FAE04EC0-301F-11D3-BF4B-00C04F79EFBC}") = "InterfaceSamples", "InterfaceSamples\InterfaceSamples.csproj", "{CE976725-6FCA-4ADF-B3A1-6C402F30B966}"
EndProject
Global
	GlobalSection(SolutionConfigurationPlatforms) = preSolution
		Debug|Any CPU = Debug|Any CPU
		Release|Any CPU = Release|Any CPU
	EndGlobalSection
	GlobalSection(ProjectConfigurationPlatforms) = postSolution
		{CE976725-6FCA-4ADF-B3A1-6C402F30B966}.Debug|Any CPU.ActiveCfg = Debug|Any CPU
		{CE976725-6FCA-4ADF-B3A1-6C402F30B966}.Debug|Any CPU.Build.0 = Debug|Any CPU
		{CE976725-6FCA-4ADF-B3A1-6C402F30B966}.Release|Any CPU.ActiveCfg = Release|Any CPU
		{CE976725-6FCA-4ADF-B3A1-6C402F30B966}.Release|Any CPU.Build.0 = Release|Any CPU
	EndGlobalSection
	GlobalSection(SolutionProperties) = preSolution
		HideSolutionNode = FALSE
	EndGlobalSection
	GlobalSection(ExtensibilityGlobals) = postSolution
		SolutionGuid = {E3FDEA95-AC8C-4AEA-BB6C-C52E7401F3DA}
	EndGlobalSection
EndGlobal
