
Microsoft Visual Studio Solution File, Format Version 12.00
# Visual Studio Version 16
VisualStudioVersion = 16.0.808.0
MinimumVisualStudioVersion = 10.0.40219.1
Project("{FAE04EC0-301F-11D3-BF4B-00C04F79EFBC}") = "HelloWorldWithVS", "HelloWorldWithCLI\HelloWorldWithVS.csproj", "{16F42E57-F16D-4775-9750-A41C54B2F007}"
EndProject
Global
	GlobalSection(SolutionConfigurationPlatforms) = preSolution
		Debug|Any CPU = Debug|Any CPU
		Release|Any CPU = Release|Any CPU
	EndGlobalSection
	GlobalSection(ProjectConfigurationPlatforms) = postSolution
		{16F42E57-F16D-4775-9750-A41C54B2F007}.Debug|Any CPU.ActiveCfg = Debug|Any CPU
		{16F42E57-F16D-4775-9750-A41C54B2F007}.Debug|Any CPU.Build.0 = Debug|Any CPU
		{16F42E57-F16D-4775-9750-A41C54B2F007}.Release|Any CPU.ActiveCfg = Release|Any CPU
		{16F42E57-F16D-4775-9750-A41C54B2F007}.Release|Any CPU.Build.0 = Release|Any CPU
	EndGlobalSection
	GlobalSection(SolutionProperties) = preSolution
		HideSolutionNode = FALSE
	EndGlobalSection
	GlobalSection(ExtensibilityGlobals) = postSolution
		SolutionGuid = {7AE96DD9-9BFB-4A29-8C72-894A170F0EBA}
	EndGlobalSection
EndGlobal
