
Microsoft Visual Studio Solution File, Format Version 12.00
# Visual Studio Version 16
VisualStudioVersion = 16.0.29424.173
MinimumVisualStudioVersion = 10.0.40219.1
Project("{FAE04EC0-301F-11D3-BF4B-00C04F79EFBC}") = "ThreadTaskExample", "ConsoleApp1\ThreadTaskExample.csproj", "{2B3CD65E-06D1-4424-899B-3C32D4DD8BC1}"
EndProject
Global
	GlobalSection(SolutionConfigurationPlatforms) = preSolution
		Debug|Any CPU = Debug|Any CPU
		Release|Any CPU = Release|Any CPU
	EndGlobalSection
	GlobalSection(ProjectConfigurationPlatforms) = postSolution
		{2B3CD65E-06D1-4424-899B-3C32D4DD8BC1}.Debug|Any CPU.ActiveCfg = Debug|Any CPU
		{2B3CD65E-06D1-4424-899B-3C32D4DD8BC1}.Debug|Any CPU.Build.0 = Debug|Any CPU
		{2B3CD65E-06D1-4424-899B-3C32D4DD8BC1}.Release|Any CPU.ActiveCfg = Release|Any CPU
		{2B3CD65E-06D1-4424-899B-3C32D4DD8BC1}.Release|Any CPU.Build.0 = Release|Any CPU
	EndGlobalSection
	GlobalSection(SolutionProperties) = preSolution
		HideSolutionNode = FALSE
	EndGlobalSection
	GlobalSection(ExtensibilityGlobals) = postSolution
		SolutionGuid = {1135B67A-164A-4BAB-AB1E-2CE1C15FB560}
	EndGlobalSection
EndGlobal
