
Microsoft Visual Studio Solution File, Format Version 12.00
# Visual Studio Version 16
VisualStudioVersion = 16.0.30717.126
MinimumVisualStudioVersion = 10.0.40219.1
Project("{FAE04EC0-301F-11D3-BF4B-00C04F79EFBC}") = "LocalNugetPackage", "LocalNugetPackage.csproj", "{D06E074A-B0E3-4BDD-8E94-C2BC00A6465A}"
EndProject
Global
	GlobalSection(SolutionConfigurationPlatforms) = preSolution
		Debug|Any CPU = Debug|Any CPU
		Release|Any CPU = Release|Any CPU
	EndGlobalSection
	GlobalSection(ProjectConfigurationPlatforms) = postSolution
		{D06E074A-B0E3-4BDD-8E94-C2BC00A6465A}.Debug|Any CPU.ActiveCfg = Debug|Any CPU
		{D06E074A-B0E3-4BDD-8E94-C2BC00A6465A}.Debug|Any CPU.Build.0 = Debug|Any CPU
		{D06E074A-B0E3-4BDD-8E94-C2BC00A6465A}.Release|Any CPU.ActiveCfg = Release|Any CPU
		{D06E074A-B0E3-4BDD-8E94-C2BC00A6465A}.Release|Any CPU.Build.0 = Release|Any CPU
	EndGlobalSection
	GlobalSection(SolutionProperties) = preSolution
		HideSolutionNode = FALSE
	EndGlobalSection
	GlobalSection(ExtensibilityGlobals) = postSolution
		SolutionGuid = {4D9E2BA1-EAF7-4E93-806E-EAAAD4F0CFFD}
	EndGlobalSection
EndGlobal
