
Microsoft Visual Studio Solution File, Format Version 12.00
# Visual Studio Version 16
VisualStudioVersion = 16.0.30804.86
MinimumVisualStudioVersion = 10.0.40219.1
Project("{FAE04EC0-301F-11D3-BF4B-00C04F79EFBC}") = "ConsoleApplication_NugetPackageUsed", "ConsoleApplication_NugetPackageUsed\ConsoleApplication_NugetPackageUsed.csproj", "{1C2BDE2E-3BA9-4E14-987D-A8B804E153F4}"
EndProject
Global
	GlobalSection(SolutionConfigurationPlatforms) = preSolution
		Debug|Any CPU = Debug|Any CPU
		Release|Any CPU = Release|Any CPU
	EndGlobalSection
	GlobalSection(ProjectConfigurationPlatforms) = postSolution
		{1C2BDE2E-3BA9-4E14-987D-A8B804E153F4}.Debug|Any CPU.ActiveCfg = Debug|Any CPU
		{1C2BDE2E-3BA9-4E14-987D-A8B804E153F4}.Debug|Any CPU.Build.0 = Debug|Any CPU
		{1C2BDE2E-3BA9-4E14-987D-A8B804E153F4}.Release|Any CPU.ActiveCfg = Release|Any CPU
		{1C2BDE2E-3BA9-4E14-987D-A8B804E153F4}.Release|Any CPU.Build.0 = Release|Any CPU
	EndGlobalSection
	GlobalSection(SolutionProperties) = preSolution
		HideSolutionNode = FALSE
	EndGlobalSection
	GlobalSection(ExtensibilityGlobals) = postSolution
		SolutionGuid = {CF33CE60-FBA9-4BAC-A33E-B129D1621311}
	EndGlobalSection
EndGlobal
