
Microsoft Visual Studio Solution File, Format Version 12.00
# Visual Studio Version 16
VisualStudioVersion = 16.0.30804.86
MinimumVisualStudioVersion = 10.0.40219.1
Project("{FAE04EC0-301F-11D3-BF4B-00C04F79EFBC}") = "ConsoleApp1", "ConsoleApp1.csproj", "{1494A8DC-5EA4-4DD6-B085-96DC5964DC6E}"
EndProject
Global
	GlobalSection(SolutionConfigurationPlatforms) = preSolution
		Debug|Any CPU = Debug|Any CPU
		Release|Any CPU = Release|Any CPU
	EndGlobalSection
	GlobalSection(ProjectConfigurationPlatforms) = postSolution
		{1494A8DC-5EA4-4DD6-B085-96DC5964DC6E}.Debug|Any CPU.ActiveCfg = Debug|Any CPU
		{1494A8DC-5EA4-4DD6-B085-96DC5964DC6E}.Debug|Any CPU.Build.0 = Debug|Any CPU
		{1494A8DC-5EA4-4DD6-B085-96DC5964DC6E}.Release|Any CPU.ActiveCfg = Release|Any CPU
		{1494A8DC-5EA4-4DD6-B085-96DC5964DC6E}.Release|Any CPU.Build.0 = Release|Any CPU
	EndGlobalSection
	GlobalSection(SolutionProperties) = preSolution
		HideSolutionNode = FALSE
	EndGlobalSection
	GlobalSection(ExtensibilityGlobals) = postSolution
		SolutionGuid = {460C6A7C-0B2D-431A-8D0F-1379A5010A1A}
	EndGlobalSection
EndGlobal
