
Microsoft Visual Studio Solution File, Format Version 12.00
# Visual Studio Version 16
VisualStudioVersion = 16.0.30717.126
MinimumVisualStudioVersion = 10.0.40219.1
Project("{FAE04EC0-301F-11D3-BF4B-00C04F79EFBC}") = "Working with NuGet", "Working with NuGet.csproj", "{B2E636F8-2F07-44E9-B2D8-51718D11EB05}"
EndProject
Global
	GlobalSection(SolutionConfigurationPlatforms) = preSolution
		Debug|Any CPU = Debug|Any CPU
		Release|Any CPU = Release|Any CPU
	EndGlobalSection
	GlobalSection(ProjectConfigurationPlatforms) = postSolution
		{B2E636F8-2F07-44E9-B2D8-51718D11EB05}.Debug|Any CPU.ActiveCfg = Debug|Any CPU
		{B2E636F8-2F07-44E9-B2D8-51718D11EB05}.Debug|Any CPU.Build.0 = Debug|Any CPU
		{B2E636F8-2F07-44E9-B2D8-51718D11EB05}.Release|Any CPU.ActiveCfg = Release|Any CPU
		{B2E636F8-2F07-44E9-B2D8-51718D11EB05}.Release|Any CPU.Build.0 = Release|Any CPU
	EndGlobalSection
	GlobalSection(SolutionProperties) = preSolution
		HideSolutionNode = FALSE
	EndGlobalSection
	GlobalSection(ExtensibilityGlobals) = postSolution
		SolutionGuid = {464E7722-0F7A-4239-BC8F-85639924679F}
	EndGlobalSection
EndGlobal
