
Microsoft Visual Studio Solution File, Format Version 12.00
# Visual Studio Version 16
VisualStudioVersion = 16.0.30804.86
MinimumVisualStudioVersion = 10.0.40219.1
Project("{FAE04EC0-301F-11D3-BF4B-00C04F79EFBC}") = "PractiseProgram_Inheritence", "PractiseProgram_Inheritence\PractiseProgram_Inheritence.csproj", "{C9A9853C-DBE7-4505-852A-58D217E0ECDC}"
EndProject
Global
	GlobalSection(SolutionConfigurationPlatforms) = preSolution
		Debug|Any CPU = Debug|Any CPU
		Release|Any CPU = Release|Any CPU
	EndGlobalSection
	GlobalSection(ProjectConfigurationPlatforms) = postSolution
		{C9A9853C-DBE7-4505-852A-58D217E0ECDC}.Debug|Any CPU.ActiveCfg = Debug|Any CPU
		{C9A9853C-DBE7-4505-852A-58D217E0ECDC}.Debug|Any CPU.Build.0 = Debug|Any CPU
		{C9A9853C-DBE7-4505-852A-58D217E0ECDC}.Release|Any CPU.ActiveCfg = Release|Any CPU
		{C9A9853C-DBE7-4505-852A-58D217E0ECDC}.Release|Any CPU.Build.0 = Release|Any CPU
	EndGlobalSection
	GlobalSection(SolutionProperties) = preSolution
		HideSolutionNode = FALSE
	EndGlobalSection
	GlobalSection(ExtensibilityGlobals) = postSolution
		SolutionGuid = {C64BF553-2033-402C-A1FB-5180F296DCB9}
	EndGlobalSection
EndGlobal
