
Microsoft Visual Studio Solution File, Format Version 12.00
# Visual Studio Version 16
VisualStudioVersion = 16.0.30804.86
MinimumVisualStudioVersion = 10.0.40219.1
Project("{FAE04EC0-301F-11D3-BF4B-00C04F79EFBC}") = "InterfacesAndClass", "InterfacesAndClass\InterfacesAndClass.csproj", "{9C67134A-7953-4074-9596-39E22549FF1F}"
EndProject
Global
	GlobalSection(SolutionConfigurationPlatforms) = preSolution
		Debug|Any CPU = Debug|Any CPU
		Release|Any CPU = Release|Any CPU
	EndGlobalSection
	GlobalSection(ProjectConfigurationPlatforms) = postSolution
		{9C67134A-7953-4074-9596-39E22549FF1F}.Debug|Any CPU.ActiveCfg = Debug|Any CPU
		{9C67134A-7953-4074-9596-39E22549FF1F}.Debug|Any CPU.Build.0 = Debug|Any CPU
		{9C67134A-7953-4074-9596-39E22549FF1F}.Release|Any CPU.ActiveCfg = Release|Any CPU
		{9C67134A-7953-4074-9596-39E22549FF1F}.Release|Any CPU.Build.0 = Release|Any CPU
	EndGlobalSection
	GlobalSection(SolutionProperties) = preSolution
		HideSolutionNode = FALSE
	EndGlobalSection
	GlobalSection(ExtensibilityGlobals) = postSolution
		SolutionGuid = {065A32A1-EB45-4E3C-8B89-6800F3D66520}
	EndGlobalSection
EndGlobal
