
Microsoft Visual Studio Solution File, Format Version 12.00
# Visual Studio Version 16
VisualStudioVersion = 16.0.30717.126
MinimumVisualStudioVersion = 10.0.40219.1
Project("{FAE04EC0-301F-11D3-BF4B-00C04F79EFBC}") = "HellowWorldWithCLI", "HellowWorldWithCLI.csproj", "{EEB2DB6D-A262-4860-BE2B-FA4343DBD786}"
EndProject
Global
	GlobalSection(SolutionConfigurationPlatforms) = preSolution
		Debug|Any CPU = Debug|Any CPU
		Release|Any CPU = Release|Any CPU
	EndGlobalSection
	GlobalSection(ProjectConfigurationPlatforms) = postSolution
		{EEB2DB6D-A262-4860-BE2B-FA4343DBD786}.Debug|Any CPU.ActiveCfg = Debug|Any CPU
		{EEB2DB6D-A262-4860-BE2B-FA4343DBD786}.Debug|Any CPU.Build.0 = Debug|Any CPU
		{EEB2DB6D-A262-4860-BE2B-FA4343DBD786}.Release|Any CPU.ActiveCfg = Release|Any CPU
		{EEB2DB6D-A262-4860-BE2B-FA4343DBD786}.Release|Any CPU.Build.0 = Release|Any CPU
	EndGlobalSection
	GlobalSection(SolutionProperties) = preSolution
		HideSolutionNode = FALSE
	EndGlobalSection
	GlobalSection(ExtensibilityGlobals) = postSolution
		SolutionGuid = {991042EB-CE47-404A-928E-C0357EEDCF65}
	EndGlobalSection
EndGlobal
