
Microsoft Visual Studio Solution File, Format Version 12.00
# Visual Studio Version 16
VisualStudioVersion = 16.0.30711.63
MinimumVisualStudioVersion = 10.0.40219.1
Project("{9A19103F-16F7-4668-BE54-9A1E7A4F7556}") = "E10 - WorkingwithNuGet", "E10 - WorkingwithNuGet\E10 - WorkingwithNuGet.csproj", "{426A1B83-7D68-45E3-9B46-E6D242173A23}"
EndProject
Project("{9A19103F-16F7-4668-BE54-9A1E7A4F7556}") = "MyMathLibrary", "..\MyMathLibrary\MyMathLibrary.csproj", "{7C34D8ED-8F3F-428A-8E93-36FEACFF9BE2}"
EndProject
Project("{FAE04EC0-301F-11D3-BF4B-00C04F79EFBC}") = "MSTestforMyMathLib", "MSTestforMyMathLib\MSTestforMyMathLib.csproj", "{DB793948-780C-4C98-A802-A954D6E692E8}"
EndProject
Global
	GlobalSection(SolutionConfigurationPlatforms) = preSolution
		Debug|Any CPU = Debug|Any CPU
		Release|Any CPU = Release|Any CPU
	EndGlobalSection
	GlobalSection(ProjectConfigurationPlatforms) = postSolution
		{426A1B83-7D68-45E3-9B46-E6D242173A23}.Debug|Any CPU.ActiveCfg = Debug|Any CPU
		{426A1B83-7D68-45E3-9B46-E6D242173A23}.Debug|Any CPU.Build.0 = Debug|Any CPU
		{426A1B83-7D68-45E3-9B46-E6D242173A23}.Release|Any CPU.ActiveCfg = Release|Any CPU
		{426A1B83-7D68-45E3-9B46-E6D242173A23}.Release|Any CPU.Build.0 = Release|Any CPU
		{7C34D8ED-8F3F-428A-8E93-36FEACFF9BE2}.Debug|Any CPU.ActiveCfg = Debug|Any CPU
		{7C34D8ED-8F3F-428A-8E93-36FEACFF9BE2}.Debug|Any CPU.Build.0 = Debug|Any CPU
		{7C34D8ED-8F3F-428A-8E93-36FEACFF9BE2}.Release|Any CPU.ActiveCfg = Release|Any CPU
		{7C34D8ED-8F3F-428A-8E93-36FEACFF9BE2}.Release|Any CPU.Build.0 = Release|Any CPU
		{DB793948-780C-4C98-A802-A954D6E692E8}.Debug|Any CPU.ActiveCfg = Debug|Any CPU
		{DB793948-780C-4C98-A802-A954D6E692E8}.Debug|Any CPU.Build.0 = Debug|Any CPU
		{DB793948-780C-4C98-A802-A954D6E692E8}.Release|Any CPU.ActiveCfg = Release|Any CPU
		{DB793948-780C-4C98-A802-A954D6E692E8}.Release|Any CPU.Build.0 = Release|Any CPU
	EndGlobalSection
	GlobalSection(SolutionProperties) = preSolution
		HideSolutionNode = FALSE
	EndGlobalSection
	GlobalSection(ExtensibilityGlobals) = postSolution
		SolutionGuid = {51A41DB8-0E35-4FEF-B2BF-4417365E8028}
	EndGlobalSection
EndGlobal
