
Microsoft Visual Studio Solution File, Format Version 12.00
# Visual Studio Version 16
VisualStudioVersion = 16.0.30717.126
MinimumVisualStudioVersion = 10.0.40219.1
Project("{FAE04EC0-301F-11D3-BF4B-00C04F79EFBC}") = "Hello_World_With_VS", "Hello_World_With_VS.csproj", "{0257D090-743F-489C-B8C1-376A9A203A63}"
EndProject
Global
	GlobalSection(SolutionConfigurationPlatforms) = preSolution
		Debug|Any CPU = Debug|Any CPU
		Release|Any CPU = Release|Any CPU
	EndGlobalSection
	GlobalSection(ProjectConfigurationPlatforms) = postSolution
		{0257D090-743F-489C-B8C1-376A9A203A63}.Debug|Any CPU.ActiveCfg = Debug|Any CPU
		{0257D090-743F-489C-B8C1-376A9A203A63}.Debug|Any CPU.Build.0 = Debug|Any CPU
		{0257D090-743F-489C-B8C1-376A9A203A63}.Release|Any CPU.ActiveCfg = Release|Any CPU
		{0257D090-743F-489C-B8C1-376A9A203A63}.Release|Any CPU.Build.0 = Release|Any CPU
	EndGlobalSection
	GlobalSection(SolutionProperties) = preSolution
		HideSolutionNode = FALSE
	EndGlobalSection
	GlobalSection(ExtensibilityGlobals) = postSolution
		SolutionGuid = {77F3FAED-54AF-4665-B061-F771F33B0145}
	EndGlobalSection
EndGlobal
