
Microsoft Visual Studio Solution File, Format Version 12.00
# Visual Studio Version 16
VisualStudioVersion = 16.0.29509.3
MinimumVisualStudioVersion = 10.0.40219.1
Project("{FAE04EC0-301F-11D3-BF4B-00C04F79EFBC}") = "Ex9", "Ex9.csproj", "{D2CA267D-25A6-410A-8EF2-B15AC513EBFF}"
EndProject
Global
	GlobalSection(SolutionConfigurationPlatforms) = preSolution
		Debug|Any CPU = Debug|Any CPU
		Release|Any CPU = Release|Any CPU
	EndGlobalSection
	GlobalSection(ProjectConfigurationPlatforms) = postSolution
		{D2CA267D-25A6-410A-8EF2-B15AC513EBFF}.Debug|Any CPU.ActiveCfg = Debug|Any CPU
		{D2CA267D-25A6-410A-8EF2-B15AC513EBFF}.Debug|Any CPU.Build.0 = Debug|Any CPU
		{D2CA267D-25A6-410A-8EF2-B15AC513EBFF}.Release|Any CPU.ActiveCfg = Release|Any CPU
		{D2CA267D-25A6-410A-8EF2-B15AC513EBFF}.Release|Any CPU.Build.0 = Release|Any CPU
	EndGlobalSection
	GlobalSection(SolutionProperties) = preSolution
		HideSolutionNode = FALSE
	EndGlobalSection
	GlobalSection(ExtensibilityGlobals) = postSolution
		SolutionGuid = {54F46931-8B79-4D03-8474-36A052F9D7C0}
	EndGlobalSection
EndGlobal
