
Microsoft Visual Studio Solution File, Format Version 12.00
# Visual Studio Version 16
VisualStudioVersion = 16.0.30711.63
MinimumVisualStudioVersion = 10.0.40219.1
Project("{FAE04EC0-301F-11D3-BF4B-00C04F79EFBC}") = "StructureofApplication", "StructureofApplication.csproj", "{3D0048AF-6356-4239-907E-DB3C6FE8A58B}"
EndProject
Global
	GlobalSection(SolutionConfigurationPlatforms) = preSolution
		Debug|Any CPU = Debug|Any CPU
		Release|Any CPU = Release|Any CPU
	EndGlobalSection
	GlobalSection(ProjectConfigurationPlatforms) = postSolution
		{3D0048AF-6356-4239-907E-DB3C6FE8A58B}.Debug|Any CPU.ActiveCfg = Debug|Any CPU
		{3D0048AF-6356-4239-907E-DB3C6FE8A58B}.Debug|Any CPU.Build.0 = Debug|Any CPU
		{3D0048AF-6356-4239-907E-DB3C6FE8A58B}.Release|Any CPU.ActiveCfg = Release|Any CPU
		{3D0048AF-6356-4239-907E-DB3C6FE8A58B}.Release|Any CPU.Build.0 = Release|Any CPU
	EndGlobalSection
	GlobalSection(SolutionProperties) = preSolution
		HideSolutionNode = FALSE
	EndGlobalSection
	GlobalSection(ExtensibilityGlobals) = postSolution
		SolutionGuid = {EB02337B-8DAD-459B-BE3E-B22D1CBAC7E4}
	EndGlobalSection
EndGlobal
