
Microsoft Visual Studio Solution File, Format Version 12.00
# Visual Studio Version 16
VisualStudioVersion = 16.0.30717.126
MinimumVisualStudioVersion = 10.0.40219.1
Project("{FAE04EC0-301F-11D3-BF4B-00C04F79EFBC}") = "WorkingWithNuGet", "WorkingWithNuGet\WorkingWithNuGet.csproj", "{8D315EE3-565D-4978-9F45-FCEC7592CDBA}"
EndProject
Global
	GlobalSection(SolutionConfigurationPlatforms) = preSolution
		Debug|Any CPU = Debug|Any CPU
		Release|Any CPU = Release|Any CPU
	EndGlobalSection
	GlobalSection(ProjectConfigurationPlatforms) = postSolution
		{8D315EE3-565D-4978-9F45-FCEC7592CDBA}.Debug|Any CPU.ActiveCfg = Debug|Any CPU
		{8D315EE3-565D-4978-9F45-FCEC7592CDBA}.Debug|Any CPU.Build.0 = Debug|Any CPU
		{8D315EE3-565D-4978-9F45-FCEC7592CDBA}.Release|Any CPU.ActiveCfg = Release|Any CPU
		{8D315EE3-565D-4978-9F45-FCEC7592CDBA}.Release|Any CPU.Build.0 = Release|Any CPU
	EndGlobalSection
	GlobalSection(SolutionProperties) = preSolution
		HideSolutionNode = FALSE
	EndGlobalSection
	GlobalSection(ExtensibilityGlobals) = postSolution
		SolutionGuid = {0A4FD715-C84A-4988-9BFE-79584DE83DFA}
	EndGlobalSection
EndGlobal
