
Microsoft Visual Studio Solution File, Format Version 12.00
# Visual Studio Version 16
VisualStudioVersion = 16.0.30804.86
MinimumVisualStudioVersion = 10.0.40219.1
Project("{9A19103F-16F7-4668-BE54-9A1E7A4F7556}") = "WorkingWithNuGet", "WorkingWithNuGet\WorkingWithNuGet.csproj", "{26A6E9D4-33DF-403A-ACA4-2F18C9BB868D}"
EndProject
Project("{9A19103F-16F7-4668-BE54-9A1E7A4F7556}") = "MyLibrary", "MyLibrary\MyLibrary.csproj", "{BA8ACB53-4EDD-45CC-A586-FF05B007FDF8}"
EndProject
Project("{2150E333-8FDC-42A3-9474-1A3956D46DE8}") = "Solution Items", "Solution Items", "{BB70E329-0932-46AF-B51F-A34AA045F693}"
	ProjectSection(SolutionItems) = preProject
		NuGet.config = NuGet.config
	EndProjectSection
EndProject
Global
	GlobalSection(SolutionConfigurationPlatforms) = preSolution
		Debug|Any CPU = Debug|Any CPU
		Release|Any CPU = Release|Any CPU
	EndGlobalSection
	GlobalSection(ProjectConfigurationPlatforms) = postSolution
		{26A6E9D4-33DF-403A-ACA4-2F18C9BB868D}.Debug|Any CPU.ActiveCfg = Debug|Any CPU
		{26A6E9D4-33DF-403A-ACA4-2F18C9BB868D}.Debug|Any CPU.Build.0 = Debug|Any CPU
		{26A6E9D4-33DF-403A-ACA4-2F18C9BB868D}.Release|Any CPU.ActiveCfg = Release|Any CPU
		{26A6E9D4-33DF-403A-ACA4-2F18C9BB868D}.Release|Any CPU.Build.0 = Release|Any CPU
		{BA8ACB53-4EDD-45CC-A586-FF05B007FDF8}.Debug|Any CPU.ActiveCfg = Debug|Any CPU
		{BA8ACB53-4EDD-45CC-A586-FF05B007FDF8}.Debug|Any CPU.Build.0 = Debug|Any CPU
		{BA8ACB53-4EDD-45CC-A586-FF05B007FDF8}.Release|Any CPU.ActiveCfg = Release|Any CPU
		{BA8ACB53-4EDD-45CC-A586-FF05B007FDF8}.Release|Any CPU.Build.0 = Release|Any CPU
	EndGlobalSection
	GlobalSection(SolutionProperties) = preSolution
		HideSolutionNode = FALSE
	EndGlobalSection
	GlobalSection(ExtensibilityGlobals) = postSolution
		SolutionGuid = {E339BDB7-73E0-495D-B470-44384598BF5F}
	EndGlobalSection
EndGlobal
