
Microsoft Visual Studio Solution File, Format Version 12.00
# Visual Studio Version 16
VisualStudioVersion = 16.0.808.3
MinimumVisualStudioVersion = 10.0.40219.1
Project("{FAE04EC0-301F-11D3-BF4B-00C04F79EFBC}") = "WorkingWithNuget", "WorkingWithNuget\WorkingWithNuget.csproj", "{8747148E-6AED-467A-BB93-7F0B44A1FCA4}"
EndProject
Project("{FAE04EC0-301F-11D3-BF4B-00C04F79EFBC}") = "MyLibrary", "MyLibrary\MyLibrary.csproj", "{E9D67423-ABFF-491B-873D-016EB8A3E64F}"
EndProject
Global
	GlobalSection(SolutionConfigurationPlatforms) = preSolution
		Debug|Any CPU = Debug|Any CPU
		Release|Any CPU = Release|Any CPU
	EndGlobalSection
	GlobalSection(ProjectConfigurationPlatforms) = postSolution
		{8747148E-6AED-467A-BB93-7F0B44A1FCA4}.Debug|Any CPU.ActiveCfg = Debug|Any CPU
		{8747148E-6AED-467A-BB93-7F0B44A1FCA4}.Debug|Any CPU.Build.0 = Debug|Any CPU
		{8747148E-6AED-467A-BB93-7F0B44A1FCA4}.Release|Any CPU.ActiveCfg = Release|Any CPU
		{8747148E-6AED-467A-BB93-7F0B44A1FCA4}.Release|Any CPU.Build.0 = Release|Any CPU
		{E9D67423-ABFF-491B-873D-016EB8A3E64F}.Debug|Any CPU.ActiveCfg = Debug|Any CPU
		{E9D67423-ABFF-491B-873D-016EB8A3E64F}.Debug|Any CPU.Build.0 = Debug|Any CPU
		{E9D67423-ABFF-491B-873D-016EB8A3E64F}.Release|Any CPU.ActiveCfg = Release|Any CPU
		{E9D67423-ABFF-491B-873D-016EB8A3E64F}.Release|Any CPU.Build.0 = Release|Any CPU
	EndGlobalSection
	GlobalSection(SolutionProperties) = preSolution
		HideSolutionNode = FALSE
	EndGlobalSection
	GlobalSection(ExtensibilityGlobals) = postSolution
		SolutionGuid = {E61A028B-5210-42DA-BD5C-A94B0F47E097}
	EndGlobalSection
EndGlobal
