
Microsoft Visual Studio Solution File, Format Version 12.00
# Visual Studio Version 16
VisualStudioVersion = 16.0.808.3
MinimumVisualStudioVersion = 10.0.40219.1
Project("{FAE04EC0-301F-11D3-BF4B-00C04F79EFBC}") = "ConfigSample", "ConfigSample.csproj", "{FF8B0D76-8B73-476F-9856-86F21A467453}"
EndProject
Global
	GlobalSection(SolutionConfigurationPlatforms) = preSolution
		Debug|Any CPU = Debug|Any CPU
		Release|Any CPU = Release|Any CPU
	EndGlobalSection
	GlobalSection(ProjectConfigurationPlatforms) = postSolution
		{FF8B0D76-8B73-476F-9856-86F21A467453}.Debug|Any CPU.ActiveCfg = Debug|Any CPU
		{FF8B0D76-8B73-476F-9856-86F21A467453}.Debug|Any CPU.Build.0 = Debug|Any CPU
		{FF8B0D76-8B73-476F-9856-86F21A467453}.Release|Any CPU.ActiveCfg = Release|Any CPU
		{FF8B0D76-8B73-476F-9856-86F21A467453}.Release|Any CPU.Build.0 = Release|Any CPU
	EndGlobalSection
	GlobalSection(SolutionProperties) = preSolution
		HideSolutionNode = FALSE
	EndGlobalSection
	GlobalSection(ExtensibilityGlobals) = postSolution
		SolutionGuid = {E0A68EED-207D-4771-A02B-828A410A231E}
	EndGlobalSection
EndGlobal
