
Microsoft Visual Studio Solution File, Format Version 12.00
# Visual Studio Version 16
VisualStudioVersion = 16.0.30804.86
MinimumVisualStudioVersion = 10.0.40219.1
Project("{FAE04EC0-301F-11D3-BF4B-00C04F79EFBC}") = "Processing Parallel", "Processing Parallel\Processing Parallel.csproj", "{F31E11DA-AB48-4C3E-BA3F-4DC8D55ED001}"
EndProject
Global
	GlobalSection(SolutionConfigurationPlatforms) = preSolution
		Debug|Any CPU = Debug|Any CPU
		Release|Any CPU = Release|Any CPU
	EndGlobalSection
	GlobalSection(ProjectConfigurationPlatforms) = postSolution
		{F31E11DA-AB48-4C3E-BA3F-4DC8D55ED001}.Debug|Any CPU.ActiveCfg = Debug|Any CPU
		{F31E11DA-AB48-4C3E-BA3F-4DC8D55ED001}.Debug|Any CPU.Build.0 = Debug|Any CPU
		{F31E11DA-AB48-4C3E-BA3F-4DC8D55ED001}.Release|Any CPU.ActiveCfg = Release|Any CPU
		{F31E11DA-AB48-4C3E-BA3F-4DC8D55ED001}.Release|Any CPU.Build.0 = Release|Any CPU
	EndGlobalSection
	GlobalSection(SolutionProperties) = preSolution
		HideSolutionNode = FALSE
	EndGlobalSection
	GlobalSection(ExtensibilityGlobals) = postSolution
		SolutionGuid = {5BDBFFF4-868D-47BD-BC18-20F90946C26A}
	EndGlobalSection
EndGlobal
