
Microsoft Visual Studio Solution File, Format Version 12.00
# Visual Studio Version 16
VisualStudioVersion = 16.0.30717.126
MinimumVisualStudioVersion = 10.0.40219.1
Project("{FAE04EC0-301F-11D3-BF4B-00C04F79EFBC}") = "HelloWorldWithUnitTest", "HelloWorldWithUnitTest\HelloWorldWithUnitTest.csproj", "{25288A22-9C31-449C-929C-43F1BE59601B}"
EndProject
Project("{FAE04EC0-301F-11D3-BF4B-00C04F79EFBC}") = "TestLibrary", "TestLibrary\TestLibrary.csproj", "{701762CC-DDF8-4DFF-9F63-557165BC7BF9}"
EndProject
Project("{FAE04EC0-301F-11D3-BF4B-00C04F79EFBC}") = "MyMSUnitTest", "MyMSUnitTest\MyMSUnitTest.csproj", "{10100874-A61E-4F7A-A512-2BA54596B53D}"
EndProject
Global
	GlobalSection(SolutionConfigurationPlatforms) = preSolution
		Debug|Any CPU = Debug|Any CPU
		Release|Any CPU = Release|Any CPU
	EndGlobalSection
	GlobalSection(ProjectConfigurationPlatforms) = postSolution
		{25288A22-9C31-449C-929C-43F1BE59601B}.Debug|Any CPU.ActiveCfg = Debug|Any CPU
		{25288A22-9C31-449C-929C-43F1BE59601B}.Debug|Any CPU.Build.0 = Debug|Any CPU
		{25288A22-9C31-449C-929C-43F1BE59601B}.Release|Any CPU.ActiveCfg = Release|Any CPU
		{25288A22-9C31-449C-929C-43F1BE59601B}.Release|Any CPU.Build.0 = Release|Any CPU
		{701762CC-DDF8-4DFF-9F63-557165BC7BF9}.Debug|Any CPU.ActiveCfg = Debug|Any CPU
		{701762CC-DDF8-4DFF-9F63-557165BC7BF9}.Debug|Any CPU.Build.0 = Debug|Any CPU
		{701762CC-DDF8-4DFF-9F63-557165BC7BF9}.Release|Any CPU.ActiveCfg = Release|Any CPU
		{701762CC-DDF8-4DFF-9F63-557165BC7BF9}.Release|Any CPU.Build.0 = Release|Any CPU
		{10100874-A61E-4F7A-A512-2BA54596B53D}.Debug|Any CPU.ActiveCfg = Debug|Any CPU
		{10100874-A61E-4F7A-A512-2BA54596B53D}.Debug|Any CPU.Build.0 = Debug|Any CPU
		{10100874-A61E-4F7A-A512-2BA54596B53D}.Release|Any CPU.ActiveCfg = Release|Any CPU
		{10100874-A61E-4F7A-A512-2BA54596B53D}.Release|Any CPU.Build.0 = Release|Any CPU
	EndGlobalSection
	GlobalSection(SolutionProperties) = preSolution
		HideSolutionNode = FALSE
	EndGlobalSection
	GlobalSection(ExtensibilityGlobals) = postSolution
		SolutionGuid = {C695E1F9-B397-495E-9B85-79CAF12D25E4}
	EndGlobalSection
EndGlobal
