
Microsoft Visual Studio Solution File, Format Version 12.00
# Visual Studio Version 16
VisualStudioVersion = 16.0.30711.63
MinimumVisualStudioVersion = 10.0.40219.1
Project("{FAE04EC0-301F-11D3-BF4B-00C04F79EFBC}") = "Nuget_Package", "Nuget_Package\Nuget_Package.csproj", "{5262B60E-4279-4E76-B808-480BF69923BA}"
EndProject
Global
	GlobalSection(SolutionConfigurationPlatforms) = preSolution
		Debug|Any CPU = Debug|Any CPU
		Release|Any CPU = Release|Any CPU
	EndGlobalSection
	GlobalSection(ProjectConfigurationPlatforms) = postSolution
		{5262B60E-4279-4E76-B808-480BF69923BA}.Debug|Any CPU.ActiveCfg = Debug|Any CPU
		{5262B60E-4279-4E76-B808-480BF69923BA}.Debug|Any CPU.Build.0 = Debug|Any CPU
		{5262B60E-4279-4E76-B808-480BF69923BA}.Release|Any CPU.ActiveCfg = Release|Any CPU
		{5262B60E-4279-4E76-B808-480BF69923BA}.Release|Any CPU.Build.0 = Release|Any CPU
	EndGlobalSection
	GlobalSection(SolutionProperties) = preSolution
		HideSolutionNode = FALSE
	EndGlobalSection
	GlobalSection(ExtensibilityGlobals) = postSolution
		SolutionGuid = {1B6F430B-68DF-43D9-868E-8AB5CF9B7E13}
	EndGlobalSection
EndGlobal
