
Microsoft Visual Studio Solution File, Format Version 12.00
# Visual Studio Version 16
VisualStudioVersion = 16.0.30711.63
MinimumVisualStudioVersion = 10.0.40219.1
Project("{FAE04EC0-301F-11D3-BF4B-00C04F79EFBC}") = "HelloWorldWithClass", "HelloWorldWithClass\HelloWorldWithClass.csproj", "{29A2AFA0-E822-4105-9F15-6A9724FDD18E}"
EndProject
Global
	GlobalSection(SolutionConfigurationPlatforms) = preSolution
		Debug|Any CPU = Debug|Any CPU
		Release|Any CPU = Release|Any CPU
	EndGlobalSection
	GlobalSection(ProjectConfigurationPlatforms) = postSolution
		{29A2AFA0-E822-4105-9F15-6A9724FDD18E}.Debug|Any CPU.ActiveCfg = Debug|Any CPU
		{29A2AFA0-E822-4105-9F15-6A9724FDD18E}.Debug|Any CPU.Build.0 = Debug|Any CPU
		{29A2AFA0-E822-4105-9F15-6A9724FDD18E}.Release|Any CPU.ActiveCfg = Release|Any CPU
		{29A2AFA0-E822-4105-9F15-6A9724FDD18E}.Release|Any CPU.Build.0 = Release|Any CPU
	EndGlobalSection
	GlobalSection(SolutionProperties) = preSolution
		HideSolutionNode = FALSE
	EndGlobalSection
	GlobalSection(ExtensibilityGlobals) = postSolution
		SolutionGuid = {A2B5EDF0-F09B-4288-9A1F-D8FF43EBD6A5}
	EndGlobalSection
EndGlobal
