
Microsoft Visual Studio Solution File, Format Version 12.00
# Visual Studio Version 16
VisualStudioVersion = 16.0.30711.63
MinimumVisualStudioVersion = 10.0.40219.1
Project("{FAE04EC0-301F-11D3-BF4B-00C04F79EFBC}") = "InterfaceAndClasses", "InterfaceAndClasses\InterfaceAndClasses.csproj", "{39045CAB-E53E-4704-94CA-E757213FE383}"
EndProject
Global
	GlobalSection(SolutionConfigurationPlatforms) = preSolution
		Debug|Any CPU = Debug|Any CPU
		Release|Any CPU = Release|Any CPU
	EndGlobalSection
	GlobalSection(ProjectConfigurationPlatforms) = postSolution
		{39045CAB-E53E-4704-94CA-E757213FE383}.Debug|Any CPU.ActiveCfg = Debug|Any CPU
		{39045CAB-E53E-4704-94CA-E757213FE383}.Debug|Any CPU.Build.0 = Debug|Any CPU
		{39045CAB-E53E-4704-94CA-E757213FE383}.Release|Any CPU.ActiveCfg = Release|Any CPU
		{39045CAB-E53E-4704-94CA-E757213FE383}.Release|Any CPU.Build.0 = Release|Any CPU
	EndGlobalSection
	GlobalSection(SolutionProperties) = preSolution
		HideSolutionNode = FALSE
	EndGlobalSection
	GlobalSection(ExtensibilityGlobals) = postSolution
		SolutionGuid = {8FA9B5E1-62DD-47A7-87A5-EE0CE89B8102}
	EndGlobalSection
EndGlobal
