
Microsoft Visual Studio Solution File, Format Version 12.00
# Visual Studio Version 16
VisualStudioVersion = 16.0.30711.63
MinimumVisualStudioVersion = 10.0.40219.1
Project("{FAE04EC0-301F-11D3-BF4B-00C04F79EFBC}") = "Additional E6 - debug, delayv2", "Additional E6 - debug, delayv2\Additional E6 - debug, delayv2.csproj", "{7721C987-2EA2-492C-B0A1-36AE58E39925}"
EndProject
Global
	GlobalSection(SolutionConfigurationPlatforms) = preSolution
		Debug|Any CPU = Debug|Any CPU
		Release|Any CPU = Release|Any CPU
	EndGlobalSection
	GlobalSection(ProjectConfigurationPlatforms) = postSolution
		{7721C987-2EA2-492C-B0A1-36AE58E39925}.Debug|Any CPU.ActiveCfg = Debug|Any CPU
		{7721C987-2EA2-492C-B0A1-36AE58E39925}.Debug|Any CPU.Build.0 = Debug|Any CPU
		{7721C987-2EA2-492C-B0A1-36AE58E39925}.Release|Any CPU.ActiveCfg = Release|Any CPU
		{7721C987-2EA2-492C-B0A1-36AE58E39925}.Release|Any CPU.Build.0 = Release|Any CPU
	EndGlobalSection
	GlobalSection(SolutionProperties) = preSolution
		HideSolutionNode = FALSE
	EndGlobalSection
	GlobalSection(ExtensibilityGlobals) = postSolution
		SolutionGuid = {B23E5881-F22E-4614-88E3-9C9735254915}
	EndGlobalSection
EndGlobal
