
Microsoft Visual Studio Solution File, Format Version 12.00
# Visual Studio Version 16
VisualStudioVersion = 16.0.30711.63
MinimumVisualStudioVersion = 10.0.40219.1
Project("{FAE04EC0-301F-11D3-BF4B-00C04F79EFBC}") = "ClassProjE4", "ClassProjE4.csproj", "{C734D5C0-B50E-4C9B-88D0-925D438793D5}"
EndProject

Global
	GlobalSection(SolutionConfigurationPlatforms) = preSolution
		Debug|Any CPU = Debug|Any CPU
		Release|Any CPU = Release|Any CPU
	EndGlobalSection
	GlobalSection(ProjectConfigurationPlatforms) = postSolution
		{C734D5C0-B50E-4C9B-88D0-925D438793D5}.Debug|Any CPU.ActiveCfg = Debug|Any CPU
		{C734D5C0-B50E-4C9B-88D0-925D438793D5}.Debug|Any CPU.Build.0 = Debug|Any CPU
		{C734D5C0-B50E-4C9B-88D0-925D438793D5}.Release|Any CPU.ActiveCfg = Release|Any CPU
		{C734D5C0-B50E-4C9B-88D0-925D438793D5}.Release|Any CPU.Build.0 = Release|Any CPU
		{37B1FB03-2303-406F-A51E-AD6FD02A6143}.Debug|Any CPU.ActiveCfg = Debug|Any CPU
		{37B1FB03-2303-406F-A51E-AD6FD02A6143}.Debug|Any CPU.Build.0 = Debug|Any CPU
		{37B1FB03-2303-406F-A51E-AD6FD02A6143}.Release|Any CPU.ActiveCfg = Release|Any CPU
		{37B1FB03-2303-406F-A51E-AD6FD02A6143}.Release|Any CPU.Build.0 = Release|Any CPU
	EndGlobalSection
	GlobalSection(SolutionProperties) = preSolution
		HideSolutionNode = FALSE
	EndGlobalSection
	GlobalSection(ExtensibilityGlobals) = postSolution
		SolutionGuid = {542F06D8-FA20-4F4A-BBAC-D4F2B774AFD3}
	EndGlobalSection
EndGlobal
